// !$*UTF8*$!
{
	archiveVersion = 1;
	classes = {
	};
	objectVersion = 46;
	objects = {

/* Begin PBXBuildFile section */
		17E289E92E21CB0BF0C6DAC4 /* libPods-FileBox.a in Frameworks */ = {isa = PBXBuildFile; fileRef = 37D38E0FA56082292F99A6D5 /* libPods-FileBox.a */; };
		332EA5591CBE756300FFA60E /* libSystem.tbd in Frameworks */ = {isa = PBXBuildFile; fileRef = 332EA5581CBE756300FFA60E /* libSystem.tbd */; };
		332EA55B1CBE75BE00FFA60E /* libiconv.2.4.0.tbd in Frameworks */ = {isa = PBXBuildFile; fileRef = 332EA55A1CBE75BE00FFA60E /* libiconv.2.4.0.tbd */; };
		332EA55D1CBE75C500FFA60E /* libstdc++.6.0.9.tbd in Frameworks */ = {isa = PBXBuildFile; fileRef = 332EA55C1CBE75C500FFA60E /* libstdc++.6.0.9.tbd */; };
		332EA55F1CBE75CD00FFA60E /* libz.1.2.5.tbd in Frameworks */ = {isa = PBXBuildFile; fileRef = 332EA55E1CBE75CD00FFA60E /* libz.1.2.5.tbd */; };
		332EA5611CBE75D400FFA60E /* libsqlite3.0.tbd in Frameworks */ = {isa = PBXBuildFile; fileRef = 332EA5601CBE75D400FFA60E /* libsqlite3.0.tbd */; };
		332EA60A1CBE7DCF00FFA60E /* FBBluetoothManager.m in Sources */ = {isa = PBXBuildFile; fileRef = 332EA57B1CBE7DCF00FFA60E /* FBBluetoothManager.m */; };
		332EA60B1CBE7DCF00FFA60E /* FBFileManager.m in Sources */ = {isa = PBXBuildFile; fileRef = 332EA57D1CBE7DCF00FFA60E /* FBFileManager.m */; };
		332EA60C1CBE7DCF00FFA60E /* FBLockManager.m in Sources */ = {isa = PBXBuildFile; fileRef = 332EA57F1CBE7DCF00FFA60E /* FBLockManager.m */; };
		332EA60D1CBE7DCF00FFA60E /* libavcodec.a in Frameworks */ = {isa = PBXBuildFile; fileRef = 332EA5DF1CBE7DCF00FFA60E /* libavcodec.a */; };
		332EA60E1CBE7DCF00FFA60E /* libavdevice.a in Frameworks */ = {isa = PBXBuildFile; fileRef = 332EA5E01CBE7DCF00FFA60E /* libavdevice.a */; };
		332EA60F1CBE7DCF00FFA60E /* libavfilter.a in Frameworks */ = {isa = PBXBuildFile; fileRef = 332EA5E11CBE7DCF00FFA60E /* libavfilter.a */; };
		332EA6101CBE7DCF00FFA60E /* libavformat.a in Frameworks */ = {isa = PBXBuildFile; fileRef = 332EA5E21CBE7DCF00FFA60E /* libavformat.a */; };
		332EA6111CBE7DCF00FFA60E /* libavutil.a in Frameworks */ = {isa = PBXBuildFile; fileRef = 332EA5E31CBE7DCF00FFA60E /* libavutil.a */; };
		332EA6121CBE7DCF00FFA60E /* libswresample.a in Frameworks */ = {isa = PBXBuildFile; fileRef = 332EA5E41CBE7DCF00FFA60E /* libswresample.a */; };
		332EA6131CBE7DCF00FFA60E /* libswscale.a in Frameworks */ = {isa = PBXBuildFile; fileRef = 332EA5E51CBE7DCF00FFA60E /* libswscale.a */; };
		332EA6211CBE7DCF00FFA60E /* FBFileTransferVC.m in Sources */ = {isa = PBXBuildFile; fileRef = 332EA5FF1CBE7DCF00FFA60E /* FBFileTransferVC.m */; };
		332EA6221CBE7DCF00FFA60E /* FBFolderPreviewVC.m in Sources */ = {isa = PBXBuildFile; fileRef = 332EA6011CBE7DCF00FFA60E /* FBFolderPreviewVC.m */; };
		332EA6231CBE7DCF00FFA60E /* FBFolderSelectorVC.m in Sources */ = {isa = PBXBuildFile; fileRef = 332EA6031CBE7DCF00FFA60E /* FBFolderSelectorVC.m */; };
		332EA6241CBE7DCF00FFA60E /* FBRootVC.m in Sources */ = {isa = PBXBuildFile; fileRef = 332EA6051CBE7DCF00FFA60E /* FBRootVC.m */; };
		332EA6251CBE7DCF00FFA60E /* FBSystemSettingsVC.m in Sources */ = {isa = PBXBuildFile; fileRef = 332EA6071CBE7DCF00FFA60E /* FBSystemSettingsVC.m */; };
		332EA6271CBE7F0900FFA60E /* libbz2.1.0.tbd in Frameworks */ = {isa = PBXBuildFile; fileRef = 332EA6261CBE7F0900FFA60E /* libbz2.1.0.tbd */; };
		333260B31A81FF5A0050B267 /* main.m in Sources */ = {isa = PBXBuildFile; fileRef = 333260B21A81FF5A0050B267 /* main.m */; };
		333260B61A81FF5A0050B267 /* FBAppDelegate.m in Sources */ = {isa = PBXBuildFile; fileRef = 333260B51A81FF5A0050B267 /* FBAppDelegate.m */; };
		333260BE1A81FF5A0050B267 /* Images.xcassets in Resources */ = {isa = PBXBuildFile; fileRef = 333260BD1A81FF5A0050B267 /* Images.xcassets */; };
		333260C11A81FF5A0050B267 /* LaunchScreen.xib in Resources */ = {isa = PBXBuildFile; fileRef = 333260BF1A81FF5A0050B267 /* LaunchScreen.xib */; };
		333260FB1A820D0C0050B267 /* CoreText.framework in Frameworks */ = {isa = PBXBuildFile; fileRef = 333260E61A820D0C0050B267 /* CoreText.framework */; };
		333260FE1A820D0C0050B267 /* QuartzCore.framework in Frameworks */ = {isa = PBXBuildFile; fileRef = 333260E91A820D0C0050B267 /* QuartzCore.framework */; };
		333261001A820D0C0050B267 /* MobileCoreServices.framework in Frameworks */ = {isa = PBXBuildFile; fileRef = 333260EB1A820D0C0050B267 /* MobileCoreServices.framework */; };
		333261011A820D0C0050B267 /* CoreFoundation.framework in Frameworks */ = {isa = PBXBuildFile; fileRef = 333260EC1A820D0C0050B267 /* CoreFoundation.framework */; };
		333261041A820D0C0050B267 /* CoreGraphics.framework in Frameworks */ = {isa = PBXBuildFile; fileRef = 333260EF1A820D0C0050B267 /* CoreGraphics.framework */; };
		333261051A820D0C0050B267 /* UIKit.framework in Frameworks */ = {isa = PBXBuildFile; fileRef = 333260F01A820D0C0050B267 /* UIKit.framework */; };
		333261061A820D0C0050B267 /* CoreTelephony.framework in Frameworks */ = {isa = PBXBuildFile; fileRef = 333260F11A820D0C0050B267 /* CoreTelephony.framework */; };
		333261071A820D0C0050B267 /* CFNetwork.framework in Frameworks */ = {isa = PBXBuildFile; fileRef = 333260F21A820D0C0050B267 /* CFNetwork.framework */; };
		333261091A820D0C0050B267 /* Security.framework in Frameworks */ = {isa = PBXBuildFile; fileRef = 333260F41A820D0C0050B267 /* Security.framework */; };
		3332610B1A820D0C0050B267 /* SystemConfiguration.framework in Frameworks */ = {isa = PBXBuildFile; fileRef = 333260F61A820D0C0050B267 /* SystemConfiguration.framework */; };
		3332610F1A820D0C0050B267 /* Foundation.framework in Frameworks */ = {isa = PBXBuildFile; fileRef = 333260FA1A820D0C0050B267 /* Foundation.framework */; };
		337884E81AC3CCEA00BF0E09 /* Localizable.strings in Resources */ = {isa = PBXBuildFile; fileRef = 337884E61AC3CCEA00BF0E09 /* Localizable.strings */; };
		337884EC1AC3D74800BF0E09 /* InfoPlist.strings in Resources */ = {isa = PBXBuildFile; fileRef = 337884EA1AC3D74800BF0E09 /* InfoPlist.strings */; };
		33A49C7B1A9872C400892454 /* MultipeerConnectivity.framework in Frameworks */ = {isa = PBXBuildFile; fileRef = 33A49C7A1A9872C400892454 /* MultipeerConnectivity.framework */; };
		33B86A341A82316D00C2EDE7 /* LocalAuthentication.framework in Frameworks */ = {isa = PBXBuildFile; fileRef = 33B86A331A82316D00C2EDE7 /* LocalAuthentication.framework */; };
		33C1DD721CBEA2250012F740 /* FBBaseViewController.m in Sources */ = {isa = PBXBuildFile; fileRef = 33C1DD711CBEA2250012F740 /* FBBaseViewController.m */; };
		33C1DD751CBEA2380012F740 /* FBBaseTableViewController.m in Sources */ = {isa = PBXBuildFile; fileRef = 33C1DD741CBEA2380012F740 /* FBBaseTableViewController.m */; };
		33C1DD781CBEA2480012F740 /* FBBaseNavigationController.m in Sources */ = {isa = PBXBuildFile; fileRef = 33C1DD771CBEA2480012F740 /* FBBaseNavigationController.m */; };
		B33DD7CE1CC0C2F1001F095B /* FBBrightnessView.m in Sources */ = {isa = PBXBuildFile; fileRef = B33DD7C71CC0C2F1001F095B /* FBBrightnessView.m */; };
		B33DD7D01CC0C2F1001F095B /* FBVideoPlayerControlView.m in Sources */ = {isa = PBXBuildFile; fileRef = B33DD7CA1CC0C2F1001F095B /* FBVideoPlayerControlView.m */; };
		B33DD7D11CC0C2F1001F095B /* FBFileSummaryCell.m in Sources */ = {isa = PBXBuildFile; fileRef = B33DD7CD1CC0C2F1001F095B /* FBFileSummaryCell.m */; };
		B33DD7D41CC0C3F3001F095B /* FBMovieViewController.m in Sources */ = {isa = PBXBuildFile; fileRef = B33DD7D31CC0C3F3001F095B /* FBMovieViewController.m */; };
		B33DD7D71CC0C412001F095B /* FBMovieGLView.m in Sources */ = {isa = PBXBuildFile; fileRef = B33DD7D61CC0C411001F095B /* FBMovieGLView.m */; };
		B33DD7DA1CC0C426001F095B /* FBAudioPlayer.m in Sources */ = {isa = PBXBuildFile; fileRef = B33DD7D91CC0C426001F095B /* FBAudioPlayer.m */; };
		B33DD7E01CC0C4CD001F095B /* FBMovieDecoder.m in Sources */ = {isa = PBXBuildFile; fileRef = B33DD7DF1CC0C4CD001F095B /* FBMovieDecoder.m */; };
		B33DD7E91CC0C4FC001F095B /* Default-568h.png in Resources */ = {isa = PBXBuildFile; fileRef = B33DD7E21CC0C4FC001F095B /* Default-568h.png */; };
		B33DD7EA1CC0C4FC001F095B /* Default.png in Resources */ = {isa = PBXBuildFile; fileRef = B33DD7E31CC0C4FC001F095B /* Default.png */; };
		B33DD7EB1CC0C4FC001F095B /* Default@2x.png in Resources */ = {isa = PBXBuildFile; fileRef = B33DD7E41CC0C4FC001F095B /* Default@2x.png */; };
		B33DD7EC1CC0C4FC001F095B /* icon.png in Resources */ = {isa = PBXBuildFile; fileRef = B33DD7E51CC0C4FC001F095B /* icon.png */; };
		B33DD7ED1CC0C4FC001F095B /* icon@2x.png in Resources */ = {isa = PBXBuildFile; fileRef = B33DD7E61CC0C4FC001F095B /* icon@2x.png */; };
		B33DD7EE1CC0C4FC001F095B /* icon@3x.png in Resources */ = {isa = PBXBuildFile; fileRef = B33DD7E71CC0C4FC001F095B /* icon@3x.png */; };
		B33DD7F11CC0C507001F095B /* FBMovie.bundle in Resources */ = {isa = PBXBuildFile; fileRef = B33DD7F01CC0C507001F095B /* FBMovie.bundle */; };
		B33DD7F41CC0CF32001F095B /* FBBoxNumberView.m in Sources */ = {isa = PBXBuildFile; fileRef = B33DD7F31CC0CF32001F095B /* FBBoxNumberView.m */; };
		B33DD7F71CC0E03B001F095B /* FBVideoPlayer.m in Sources */ = {isa = PBXBuildFile; fileRef = B33DD7F61CC0E03B001F095B /* FBVideoPlayer.m */; };
		B35B715A1CEAC0D400CE4F4A /* libMasonry.a in Frameworks */ = {isa = PBXBuildFile; fileRef = B35B71521CEAC0D400CE4F4A /* libMasonry.a */; };
		B35B715B1CEAC0D400CE4F4A /* libNSLogger.a in Frameworks */ = {isa = PBXBuildFile; fileRef = B35B71531CEAC0D400CE4F4A /* libNSLogger.a */; };
		B35B715D1CEAC0D400CE4F4A /* libSDWebImage.a in Frameworks */ = {isa = PBXBuildFile; fileRef = B35B71551CEAC0D400CE4F4A /* libSDWebImage.a */; };
		B35B715E1CEAC0D400CE4F4A /* libXLFBaseViewControllerKit.a in Frameworks */ = {isa = PBXBuildFile; fileRef = B35B71561CEAC0D400CE4F4A /* libXLFBaseViewControllerKit.a */; };
		B35B715F1CEAC0D400CE4F4A /* libXLFCommonKit.a in Frameworks */ = {isa = PBXBuildFile; fileRef = B35B71571CEAC0D400CE4F4A /* libXLFCommonKit.a */; };
		B35B71601CEAC0D400CE4F4A /* libXLFKeyboardManagerKit.a in Frameworks */ = {isa = PBXBuildFile; fileRef = B35B71581CEAC0D400CE4F4A /* libXLFKeyboardManagerKit.a */; };
		B35B71611CEAC0D400CE4F4A /* libXLFPinInputViewControllerKit.a in Frameworks */ = {isa = PBXBuildFile; fileRef = B35B71591CEAC0D400CE4F4A /* libXLFPinInputViewControllerKit.a */; };
/* End PBXBuildFile section */

/* Begin PBXFileReference section */
		1F2467FCE77670583938E41A /* Pods-FileBox.debug.xcconfig */ = {isa = PBXFileReference; includeInIndex = 1; lastKnownFileType = text.xcconfig; name = "Pods-FileBox.debug.xcconfig"; path = "Pods/Target Support Files/Pods-FileBox/Pods-FileBox.debug.xcconfig"; sourceTree = "<group>"; };
		332EA5581CBE756300FFA60E /* libSystem.tbd */ = {isa = PBXFileReference; lastKnownFileType = "sourcecode.text-based-dylib-definition"; name = libSystem.tbd; path = usr/lib/libSystem.tbd; sourceTree = SDKROOT; };
		332EA55A1CBE75BE00FFA60E /* libiconv.2.4.0.tbd */ = {isa = PBXFileReference; lastKnownFileType = "sourcecode.text-based-dylib-definition"; name = libiconv.2.4.0.tbd; path = usr/lib/libiconv.2.4.0.tbd; sourceTree = SDKROOT; };
		332EA55C1CBE75C500FFA60E /* libstdc++.6.0.9.tbd */ = {isa = PBXFileReference; lastKnownFileType = "sourcecode.text-based-dylib-definition"; name = "libstdc++.6.0.9.tbd"; path = "usr/lib/libstdc++.6.0.9.tbd"; sourceTree = SDKROOT; };
		332EA55E1CBE75CD00FFA60E /* libz.1.2.5.tbd */ = {isa = PBXFileReference; lastKnownFileType = "sourcecode.text-based-dylib-definition"; name = libz.1.2.5.tbd; path = usr/lib/libz.1.2.5.tbd; sourceTree = SDKROOT; };
		332EA5601CBE75D400FFA60E /* libsqlite3.0.tbd */ = {isa = PBXFileReference; lastKnownFileType = "sourcecode.text-based-dylib-definition"; name = libsqlite3.0.tbd; path = usr/lib/libsqlite3.0.tbd; sourceTree = SDKROOT; };
		332EA5781CBE774200FFA60E /* FileBox-Prefix.pch */ = {isa = PBXFileReference; fileEncoding = 4; lastKnownFileType = sourcecode.c.h; path = "FileBox-Prefix.pch"; sourceTree = "<group>"; };
		332EA57A1CBE7DCF00FFA60E /* FBBluetoothManager.h */ = {isa = PBXFileReference; fileEncoding = 4; lastKnownFileType = sourcecode.c.h; path = FBBluetoothManager.h; sourceTree = "<group>"; };
		332EA57B1CBE7DCF00FFA60E /* FBBluetoothManager.m */ = {isa = PBXFileReference; fileEncoding = 4; lastKnownFileType = sourcecode.c.objc; path = FBBluetoothManager.m; sourceTree = "<group>"; };
		332EA57C1CBE7DCF00FFA60E /* FBFileManager.h */ = {isa = PBXFileReference; fileEncoding = 4; lastKnownFileType = sourcecode.c.h; path = FBFileManager.h; sourceTree = "<group>"; };
		332EA57D1CBE7DCF00FFA60E /* FBFileManager.m */ = {isa = PBXFileReference; fileEncoding = 4; lastKnownFileType = sourcecode.c.objc; path = FBFileManager.m; sourceTree = "<group>"; };
		332EA57E1CBE7DCF00FFA60E /* FBLockManager.h */ = {isa = PBXFileReference; fileEncoding = 4; lastKnownFileType = sourcecode.c.h; path = FBLockManager.h; sourceTree = "<group>"; };
		332EA57F1CBE7DCF00FFA60E /* FBLockManager.m */ = {isa = PBXFileReference; fileEncoding = 4; lastKnownFileType = sourcecode.c.objc; path = FBLockManager.m; sourceTree = "<group>"; };
		332EA5861CBE7DCF00FFA60E /* avcodec.h */ = {isa = PBXFileReference; fileEncoding = 4; lastKnownFileType = sourcecode.c.h; path = avcodec.h; sourceTree = "<group>"; };
		332EA5871CBE7DCF00FFA60E /* avfft.h */ = {isa = PBXFileReference; fileEncoding = 4; lastKnownFileType = sourcecode.c.h; path = avfft.h; sourceTree = "<group>"; };
		332EA5881CBE7DCF00FFA60E /* dxva2.h */ = {isa = PBXFileReference; fileEncoding = 4; lastKnownFileType = sourcecode.c.h; path = dxva2.h; sourceTree = "<group>"; };
		332EA5891CBE7DCF00FFA60E /* old_codec_ids.h */ = {isa = PBXFileReference; fileEncoding = 4; lastKnownFileType = sourcecode.c.h; path = old_codec_ids.h; sourceTree = "<group>"; };
		332EA58A1CBE7DCF00FFA60E /* vaapi.h */ = {isa = PBXFileReference; fileEncoding = 4; lastKnownFileType = sourcecode.c.h; path = vaapi.h; sourceTree = "<group>"; };
		332EA58B1CBE7DCF00FFA60E /* vda.h */ = {isa = PBXFileReference; fileEncoding = 4; lastKnownFileType = sourcecode.c.h; path = vda.h; sourceTree = "<group>"; };
		332EA58C1CBE7DCF00FFA60E /* vdpau.h */ = {isa = PBXFileReference; fileEncoding = 4; lastKnownFileType = sourcecode.c.h; path = vdpau.h; sourceTree = "<group>"; };
		332EA58D1CBE7DCF00FFA60E /* version.h */ = {isa = PBXFileReference; fileEncoding = 4; lastKnownFileType = sourcecode.c.h; path = version.h; sourceTree = "<group>"; };
		332EA58E1CBE7DCF00FFA60E /* xvmc.h */ = {isa = PBXFileReference; fileEncoding = 4; lastKnownFileType = sourcecode.c.h; path = xvmc.h; sourceTree = "<group>"; };
		332EA5901CBE7DCF00FFA60E /* avdevice.h */ = {isa = PBXFileReference; fileEncoding = 4; lastKnownFileType = sourcecode.c.h; path = avdevice.h; sourceTree = "<group>"; };
		332EA5911CBE7DCF00FFA60E /* version.h */ = {isa = PBXFileReference; fileEncoding = 4; lastKnownFileType = sourcecode.c.h; path = version.h; sourceTree = "<group>"; };
		332EA5931CBE7DCF00FFA60E /* asrc_abuffer.h */ = {isa = PBXFileReference; fileEncoding = 4; lastKnownFileType = sourcecode.c.h; path = asrc_abuffer.h; sourceTree = "<group>"; };
		332EA5941CBE7DCF00FFA60E /* avcodec.h */ = {isa = PBXFileReference; fileEncoding = 4; lastKnownFileType = sourcecode.c.h; path = avcodec.h; sourceTree = "<group>"; };
		332EA5951CBE7DCF00FFA60E /* avfilter.h */ = {isa = PBXFileReference; fileEncoding = 4; lastKnownFileType = sourcecode.c.h; path = avfilter.h; sourceTree = "<group>"; };
		332EA5961CBE7DCF00FFA60E /* avfiltergraph.h */ = {isa = PBXFileReference; fileEncoding = 4; lastKnownFileType = sourcecode.c.h; path = avfiltergraph.h; sourceTree = "<group>"; };
		332EA5971CBE7DCF00FFA60E /* buffersink.h */ = {isa = PBXFileReference; fileEncoding = 4; lastKnownFileType = sourcecode.c.h; path = buffersink.h; sourceTree = "<group>"; };
		332EA5981CBE7DCF00FFA60E /* buffersrc.h */ = {isa = PBXFileReference; fileEncoding = 4; lastKnownFileType = sourcecode.c.h; path = buffersrc.h; sourceTree = "<group>"; };
		332EA5991CBE7DCF00FFA60E /* version.h */ = {isa = PBXFileReference; fileEncoding = 4; lastKnownFileType = sourcecode.c.h; path = version.h; sourceTree = "<group>"; };
		332EA59B1CBE7DCF00FFA60E /* avformat.h */ = {isa = PBXFileReference; fileEncoding = 4; lastKnownFileType = sourcecode.c.h; path = avformat.h; sourceTree = "<group>"; };
		332EA59C1CBE7DCF00FFA60E /* avio.h */ = {isa = PBXFileReference; fileEncoding = 4; lastKnownFileType = sourcecode.c.h; path = avio.h; sourceTree = "<group>"; };
		332EA59D1CBE7DCF00FFA60E /* version.h */ = {isa = PBXFileReference; fileEncoding = 4; lastKnownFileType = sourcecode.c.h; path = version.h; sourceTree = "<group>"; };
		332EA59F1CBE7DCF00FFA60E /* adler32.h */ = {isa = PBXFileReference; fileEncoding = 4; lastKnownFileType = sourcecode.c.h; path = adler32.h; sourceTree = "<group>"; };
		332EA5A01CBE7DCF00FFA60E /* aes.h */ = {isa = PBXFileReference; fileEncoding = 4; lastKnownFileType = sourcecode.c.h; path = aes.h; sourceTree = "<group>"; };
		332EA5A11CBE7DCF00FFA60E /* attributes.h */ = {isa = PBXFileReference; fileEncoding = 4; lastKnownFileType = sourcecode.c.h; path = attributes.h; sourceTree = "<group>"; };
		332EA5A21CBE7DCF00FFA60E /* audio_fifo.h */ = {isa = PBXFileReference; fileEncoding = 4; lastKnownFileType = sourcecode.c.h; path = audio_fifo.h; sourceTree = "<group>"; };
		332EA5A31CBE7DCF00FFA60E /* audioconvert.h */ = {isa = PBXFileReference; fileEncoding = 4; lastKnownFileType = sourcecode.c.h; path = audioconvert.h; sourceTree = "<group>"; };
		332EA5A41CBE7DCF00FFA60E /* avassert.h */ = {isa = PBXFileReference; fileEncoding = 4; lastKnownFileType = sourcecode.c.h; path = avassert.h; sourceTree = "<group>"; };
		332EA5A51CBE7DCF00FFA60E /* avconfig.h */ = {isa = PBXFileReference; fileEncoding = 4; lastKnownFileType = sourcecode.c.h; path = avconfig.h; sourceTree = "<group>"; };
		332EA5A61CBE7DCF00FFA60E /* avstring.h */ = {isa = PBXFileReference; fileEncoding = 4; lastKnownFileType = sourcecode.c.h; path = avstring.h; sourceTree = "<group>"; };
		332EA5A71CBE7DCF00FFA60E /* avutil.h */ = {isa = PBXFileReference; fileEncoding = 4; lastKnownFileType = sourcecode.c.h; path = avutil.h; sourceTree = "<group>"; };
		332EA5A81CBE7DCF00FFA60E /* base64.h */ = {isa = PBXFileReference; fileEncoding = 4; lastKnownFileType = sourcecode.c.h; path = base64.h; sourceTree = "<group>"; };
		332EA5A91CBE7DCF00FFA60E /* blowfish.h */ = {isa = PBXFileReference; fileEncoding = 4; lastKnownFileType = sourcecode.c.h; path = blowfish.h; sourceTree = "<group>"; };
		332EA5AA1CBE7DCF00FFA60E /* bprint.h */ = {isa = PBXFileReference; fileEncoding = 4; lastKnownFileType = sourcecode.c.h; path = bprint.h; sourceTree = "<group>"; };
		332EA5AB1CBE7DCF00FFA60E /* bswap.h */ = {isa = PBXFileReference; fileEncoding = 4; lastKnownFileType = sourcecode.c.h; path = bswap.h; sourceTree = "<group>"; };
		332EA5AC1CBE7DCF00FFA60E /* buffer.h */ = {isa = PBXFileReference; fileEncoding = 4; lastKnownFileType = sourcecode.c.h; path = buffer.h; sourceTree = "<group>"; };
		332EA5AD1CBE7DCF00FFA60E /* channel_layout.h */ = {isa = PBXFileReference; fileEncoding = 4; lastKnownFileType = sourcecode.c.h; path = channel_layout.h; sourceTree = "<group>"; };
		332EA5AE1CBE7DCF00FFA60E /* common.h */ = {isa = PBXFileReference; fileEncoding = 4; lastKnownFileType = sourcecode.c.h; path = common.h; sourceTree = "<group>"; };
		332EA5AF1CBE7DCF00FFA60E /* cpu.h */ = {isa = PBXFileReference; fileEncoding = 4; lastKnownFileType = sourcecode.c.h; path = cpu.h; sourceTree = "<group>"; };
		332EA5B01CBE7DCF00FFA60E /* crc.h */ = {isa = PBXFileReference; fileEncoding = 4; lastKnownFileType = sourcecode.c.h; path = crc.h; sourceTree = "<group>"; };
		332EA5B11CBE7DCF00FFA60E /* dict.h */ = {isa = PBXFileReference; fileEncoding = 4; lastKnownFileType = sourcecode.c.h; path = dict.h; sourceTree = "<group>"; };
		332EA5B21CBE7DCF00FFA60E /* downmix_info.h */ = {isa = PBXFileReference; fileEncoding = 4; lastKnownFileType = sourcecode.c.h; path = downmix_info.h; sourceTree = "<group>"; };
		332EA5B31CBE7DCF00FFA60E /* error.h */ = {isa = PBXFileReference; fileEncoding = 4; lastKnownFileType = sourcecode.c.h; path = error.h; sourceTree = "<group>"; };
		332EA5B41CBE7DCF00FFA60E /* eval.h */ = {isa = PBXFileReference; fileEncoding = 4; lastKnownFileType = sourcecode.c.h; path = eval.h; sourceTree = "<group>"; };
		332EA5B51CBE7DCF00FFA60E /* ffversion.h */ = {isa = PBXFileReference; fileEncoding = 4; lastKnownFileType = sourcecode.c.h; path = ffversion.h; sourceTree = "<group>"; };
		332EA5B61CBE7DCF00FFA60E /* fifo.h */ = {isa = PBXFileReference; fileEncoding = 4; lastKnownFileType = sourcecode.c.h; path = fifo.h; sourceTree = "<group>"; };
		332EA5B71CBE7DCF00FFA60E /* file.h */ = {isa = PBXFileReference; fileEncoding = 4; lastKnownFileType = sourcecode.c.h; path = file.h; sourceTree = "<group>"; };
		332EA5B81CBE7DCF00FFA60E /* frame.h */ = {isa = PBXFileReference; fileEncoding = 4; lastKnownFileType = sourcecode.c.h; path = frame.h; sourceTree = "<group>"; };
		332EA5B91CBE7DCF00FFA60E /* hmac.h */ = {isa = PBXFileReference; fileEncoding = 4; lastKnownFileType = sourcecode.c.h; path = hmac.h; sourceTree = "<group>"; };
		332EA5BA1CBE7DCF00FFA60E /* imgutils.h */ = {isa = PBXFileReference; fileEncoding = 4; lastKnownFileType = sourcecode.c.h; path = imgutils.h; sourceTree = "<group>"; };
		332EA5BB1CBE7DCF00FFA60E /* intfloat.h */ = {isa = PBXFileReference; fileEncoding = 4; lastKnownFileType = sourcecode.c.h; path = intfloat.h; sourceTree = "<group>"; };
		332EA5BC1CBE7DCF00FFA60E /* intfloat_readwrite.h */ = {isa = PBXFileReference; fileEncoding = 4; lastKnownFileType = sourcecode.c.h; path = intfloat_readwrite.h; sourceTree = "<group>"; };
		332EA5BD1CBE7DCF00FFA60E /* intreadwrite.h */ = {isa = PBXFileReference; fileEncoding = 4; lastKnownFileType = sourcecode.c.h; path = intreadwrite.h; sourceTree = "<group>"; };
		332EA5BE1CBE7DCF00FFA60E /* lfg.h */ = {isa = PBXFileReference; fileEncoding = 4; lastKnownFileType = sourcecode.c.h; path = lfg.h; sourceTree = "<group>"; };
		332EA5BF1CBE7DCF00FFA60E /* log.h */ = {isa = PBXFileReference; fileEncoding = 4; lastKnownFileType = sourcecode.c.h; path = log.h; sourceTree = "<group>"; };
		332EA5C01CBE7DCF00FFA60E /* lzo.h */ = {isa = PBXFileReference; fileEncoding = 4; lastKnownFileType = sourcecode.c.h; path = lzo.h; sourceTree = "<group>"; };
		332EA5C11CBE7DCF00FFA60E /* macros.h */ = {isa = PBXFileReference; fileEncoding = 4; lastKnownFileType = sourcecode.c.h; path = macros.h; sourceTree = "<group>"; };
		332EA5C21CBE7DCF00FFA60E /* mathematics.h */ = {isa = PBXFileReference; fileEncoding = 4; lastKnownFileType = sourcecode.c.h; path = mathematics.h; sourceTree = "<group>"; };
		332EA5C31CBE7DCF00FFA60E /* md5.h */ = {isa = PBXFileReference; fileEncoding = 4; lastKnownFileType = sourcecode.c.h; path = md5.h; sourceTree = "<group>"; };
		332EA5C41CBE7DCF00FFA60E /* mem.h */ = {isa = PBXFileReference; fileEncoding = 4; lastKnownFileType = sourcecode.c.h; path = mem.h; sourceTree = "<group>"; };
		332EA5C51CBE7DCF00FFA60E /* murmur3.h */ = {isa = PBXFileReference; fileEncoding = 4; lastKnownFileType = sourcecode.c.h; path = murmur3.h; sourceTree = "<group>"; };
		332EA5C61CBE7DCF00FFA60E /* old_pix_fmts.h */ = {isa = PBXFileReference; fileEncoding = 4; lastKnownFileType = sourcecode.c.h; path = old_pix_fmts.h; sourceTree = "<group>"; };
		332EA5C71CBE7DCF00FFA60E /* opt.h */ = {isa = PBXFileReference; fileEncoding = 4; lastKnownFileType = sourcecode.c.h; path = opt.h; sourceTree = "<group>"; };
		332EA5C81CBE7DCF00FFA60E /* parseutils.h */ = {isa = PBXFileReference; fileEncoding = 4; lastKnownFileType = sourcecode.c.h; path = parseutils.h; sourceTree = "<group>"; };
		332EA5C91CBE7DCF00FFA60E /* pixdesc.h */ = {isa = PBXFileReference; fileEncoding = 4; lastKnownFileType = sourcecode.c.h; path = pixdesc.h; sourceTree = "<group>"; };
		332EA5CA1CBE7DCF00FFA60E /* pixfmt.h */ = {isa = PBXFileReference; fileEncoding = 4; lastKnownFileType = sourcecode.c.h; path = pixfmt.h; sourceTree = "<group>"; };
		332EA5CB1CBE7DCF00FFA60E /* random_seed.h */ = {isa = PBXFileReference; fileEncoding = 4; lastKnownFileType = sourcecode.c.h; path = random_seed.h; sourceTree = "<group>"; };
		332EA5CC1CBE7DCF00FFA60E /* rational.h */ = {isa = PBXFileReference; fileEncoding = 4; lastKnownFileType = sourcecode.c.h; path = rational.h; sourceTree = "<group>"; };
		332EA5CD1CBE7DCF00FFA60E /* replaygain.h */ = {isa = PBXFileReference; fileEncoding = 4; lastKnownFileType = sourcecode.c.h; path = replaygain.h; sourceTree = "<group>"; };
		332EA5CE1CBE7DCF00FFA60E /* ripemd.h */ = {isa = PBXFileReference; fileEncoding = 4; lastKnownFileType = sourcecode.c.h; path = ripemd.h; sourceTree = "<group>"; };
		332EA5CF1CBE7DCF00FFA60E /* samplefmt.h */ = {isa = PBXFileReference; fileEncoding = 4; lastKnownFileType = sourcecode.c.h; path = samplefmt.h; sourceTree = "<group>"; };
		332EA5D01CBE7DCF00FFA60E /* sha.h */ = {isa = PBXFileReference; fileEncoding = 4; lastKnownFileType = sourcecode.c.h; path = sha.h; sourceTree = "<group>"; };
		332EA5D11CBE7DCF00FFA60E /* sha512.h */ = {isa = PBXFileReference; fileEncoding = 4; lastKnownFileType = sourcecode.c.h; path = sha512.h; sourceTree = "<group>"; };
		332EA5D21CBE7DCF00FFA60E /* stereo3d.h */ = {isa = PBXFileReference; fileEncoding = 4; lastKnownFileType = sourcecode.c.h; path = stereo3d.h; sourceTree = "<group>"; };
		332EA5D31CBE7DCF00FFA60E /* time.h */ = {isa = PBXFileReference; fileEncoding = 4; lastKnownFileType = sourcecode.c.h; path = time.h; sourceTree = "<group>"; };
		332EA5D41CBE7DCF00FFA60E /* timecode.h */ = {isa = PBXFileReference; fileEncoding = 4; lastKnownFileType = sourcecode.c.h; path = timecode.h; sourceTree = "<group>"; };
		332EA5D51CBE7DCF00FFA60E /* timestamp.h */ = {isa = PBXFileReference; fileEncoding = 4; lastKnownFileType = sourcecode.c.h; path = timestamp.h; sourceTree = "<group>"; };
		332EA5D61CBE7DCF00FFA60E /* version.h */ = {isa = PBXFileReference; fileEncoding = 4; lastKnownFileType = sourcecode.c.h; path = version.h; sourceTree = "<group>"; };
		332EA5D71CBE7DCF00FFA60E /* xtea.h */ = {isa = PBXFileReference; fileEncoding = 4; lastKnownFileType = sourcecode.c.h; path = xtea.h; sourceTree = "<group>"; };
		332EA5D91CBE7DCF00FFA60E /* swresample.h */ = {isa = PBXFileReference; fileEncoding = 4; lastKnownFileType = sourcecode.c.h; path = swresample.h; sourceTree = "<group>"; };
		332EA5DA1CBE7DCF00FFA60E /* version.h */ = {isa = PBXFileReference; fileEncoding = 4; lastKnownFileType = sourcecode.c.h; path = version.h; sourceTree = "<group>"; };
		332EA5DC1CBE7DCF00FFA60E /* swscale.h */ = {isa = PBXFileReference; fileEncoding = 4; lastKnownFileType = sourcecode.c.h; path = swscale.h; sourceTree = "<group>"; };
		332EA5DD1CBE7DCF00FFA60E /* version.h */ = {isa = PBXFileReference; fileEncoding = 4; lastKnownFileType = sourcecode.c.h; path = version.h; sourceTree = "<group>"; };
		332EA5DF1CBE7DCF00FFA60E /* libavcodec.a */ = {isa = PBXFileReference; lastKnownFileType = archive.ar; path = libavcodec.a; sourceTree = "<group>"; };
		332EA5E01CBE7DCF00FFA60E /* libavdevice.a */ = {isa = PBXFileReference; lastKnownFileType = archive.ar; path = libavdevice.a; sourceTree = "<group>"; };
		332EA5E11CBE7DCF00FFA60E /* libavfilter.a */ = {isa = PBXFileReference; lastKnownFileType = archive.ar; path = libavfilter.a; sourceTree = "<group>"; };
		332EA5E21CBE7DCF00FFA60E /* libavformat.a */ = {isa = PBXFileReference; lastKnownFileType = archive.ar; path = libavformat.a; sourceTree = "<group>"; };
		332EA5E31CBE7DCF00FFA60E /* libavutil.a */ = {isa = PBXFileReference; lastKnownFileType = archive.ar; path = libavutil.a; sourceTree = "<group>"; };
		332EA5E41CBE7DCF00FFA60E /* libswresample.a */ = {isa = PBXFileReference; lastKnownFileType = archive.ar; path = libswresample.a; sourceTree = "<group>"; };
		332EA5E51CBE7DCF00FFA60E /* libswscale.a */ = {isa = PBXFileReference; lastKnownFileType = archive.ar; path = libswscale.a; sourceTree = "<group>"; };
		332EA5FE1CBE7DCF00FFA60E /* FBFileTransferVC.h */ = {isa = PBXFileReference; fileEncoding = 4; lastKnownFileType = sourcecode.c.h; path = FBFileTransferVC.h; sourceTree = "<group>"; };
		332EA5FF1CBE7DCF00FFA60E /* FBFileTransferVC.m */ = {isa = PBXFileReference; fileEncoding = 4; lastKnownFileType = sourcecode.c.objc; path = FBFileTransferVC.m; sourceTree = "<group>"; };
		332EA6001CBE7DCF00FFA60E /* FBFolderPreviewVC.h */ = {isa = PBXFileReference; fileEncoding = 4; lastKnownFileType = sourcecode.c.h; path = FBFolderPreviewVC.h; sourceTree = "<group>"; };
		332EA6011CBE7DCF00FFA60E /* FBFolderPreviewVC.m */ = {isa = PBXFileReference; fileEncoding = 4; lastKnownFileType = sourcecode.c.objc; path = FBFolderPreviewVC.m; sourceTree = "<group>"; };
		332EA6021CBE7DCF00FFA60E /* FBFolderSelectorVC.h */ = {isa = PBXFileReference; fileEncoding = 4; lastKnownFileType = sourcecode.c.h; path = FBFolderSelectorVC.h; sourceTree = "<group>"; };
		332EA6031CBE7DCF00FFA60E /* FBFolderSelectorVC.m */ = {isa = PBXFileReference; fileEncoding = 4; lastKnownFileType = sourcecode.c.objc; path = FBFolderSelectorVC.m; sourceTree = "<group>"; };
		332EA6041CBE7DCF00FFA60E /* FBRootVC.h */ = {isa = PBXFileReference; fileEncoding = 4; lastKnownFileType = sourcecode.c.h; path = FBRootVC.h; sourceTree = "<group>"; };
		332EA6051CBE7DCF00FFA60E /* FBRootVC.m */ = {isa = PBXFileReference; fileEncoding = 4; lastKnownFileType = sourcecode.c.objc; path = FBRootVC.m; sourceTree = "<group>"; };
		332EA6061CBE7DCF00FFA60E /* FBSystemSettingsVC.h */ = {isa = PBXFileReference; fileEncoding = 4; lastKnownFileType = sourcecode.c.h; path = FBSystemSettingsVC.h; sourceTree = "<group>"; };
		332EA6071CBE7DCF00FFA60E /* FBSystemSettingsVC.m */ = {isa = PBXFileReference; fileEncoding = 4; lastKnownFileType = sourcecode.c.objc; path = FBSystemSettingsVC.m; sourceTree = "<group>"; };
		332EA6261CBE7F0900FFA60E /* libbz2.1.0.tbd */ = {isa = PBXFileReference; lastKnownFileType = "sourcecode.text-based-dylib-definition"; name = libbz2.1.0.tbd; path = usr/lib/libbz2.1.0.tbd; sourceTree = SDKROOT; };
		333260AD1A81FF5A0050B267 /* FileBox.app */ = {isa = PBXFileReference; explicitFileType = wrapper.application; includeInIndex = 0; path = FileBox.app; sourceTree = BUILT_PRODUCTS_DIR; };
		333260B11A81FF5A0050B267 /* Info.plist */ = {isa = PBXFileReference; lastKnownFileType = text.plist.xml; path = Info.plist; sourceTree = "<group>"; };
		333260B21A81FF5A0050B267 /* main.m */ = {isa = PBXFileReference; lastKnownFileType = sourcecode.c.objc; path = main.m; sourceTree = "<group>"; };
		333260B41A81FF5A0050B267 /* FBAppDelegate.h */ = {isa = PBXFileReference; lastKnownFileType = sourcecode.c.h; path = FBAppDelegate.h; sourceTree = "<group>"; };
		333260B51A81FF5A0050B267 /* FBAppDelegate.m */ = {isa = PBXFileReference; lastKnownFileType = sourcecode.c.objc; path = FBAppDelegate.m; sourceTree = "<group>"; };
		333260BD1A81FF5A0050B267 /* Images.xcassets */ = {isa = PBXFileReference; lastKnownFileType = folder.assetcatalog; path = Images.xcassets; sourceTree = "<group>"; };
		333260C01A81FF5A0050B267 /* Base */ = {isa = PBXFileReference; lastKnownFileType = file.xib; name = Base; path = Base.lproj/LaunchScreen.xib; sourceTree = "<group>"; };
		333260E61A820D0C0050B267 /* CoreText.framework */ = {isa = PBXFileReference; lastKnownFileType = wrapper.framework; name = CoreText.framework; path = System/Library/Frameworks/CoreText.framework; sourceTree = SDKROOT; };
		333260E91A820D0C0050B267 /* QuartzCore.framework */ = {isa = PBXFileReference; lastKnownFileType = wrapper.framework; name = QuartzCore.framework; path = System/Library/Frameworks/QuartzCore.framework; sourceTree = SDKROOT; };
		333260EB1A820D0C0050B267 /* MobileCoreServices.framework */ = {isa = PBXFileReference; lastKnownFileType = wrapper.framework; name = MobileCoreServices.framework; path = System/Library/Frameworks/MobileCoreServices.framework; sourceTree = SDKROOT; };
		333260EC1A820D0C0050B267 /* CoreFoundation.framework */ = {isa = PBXFileReference; lastKnownFileType = wrapper.framework; name = CoreFoundation.framework; path = System/Library/Frameworks/CoreFoundation.framework; sourceTree = SDKROOT; };
		333260EF1A820D0C0050B267 /* CoreGraphics.framework */ = {isa = PBXFileReference; lastKnownFileType = wrapper.framework; name = CoreGraphics.framework; path = System/Library/Frameworks/CoreGraphics.framework; sourceTree = SDKROOT; };
		333260F01A820D0C0050B267 /* UIKit.framework */ = {isa = PBXFileReference; lastKnownFileType = wrapper.framework; name = UIKit.framework; path = System/Library/Frameworks/UIKit.framework; sourceTree = SDKROOT; };
		333260F11A820D0C0050B267 /* CoreTelephony.framework */ = {isa = PBXFileReference; lastKnownFileType = wrapper.framework; name = CoreTelephony.framework; path = System/Library/Frameworks/CoreTelephony.framework; sourceTree = SDKROOT; };
		333260F21A820D0C0050B267 /* CFNetwork.framework */ = {isa = PBXFileReference; lastKnownFileType = wrapper.framework; name = CFNetwork.framework; path = System/Library/Frameworks/CFNetwork.framework; sourceTree = SDKROOT; };
		333260F41A820D0C0050B267 /* Security.framework */ = {isa = PBXFileReference; lastKnownFileType = wrapper.framework; name = Security.framework; path = System/Library/Frameworks/Security.framework; sourceTree = SDKROOT; };
		333260F61A820D0C0050B267 /* SystemConfiguration.framework */ = {isa = PBXFileReference; lastKnownFileType = wrapper.framework; name = SystemConfiguration.framework; path = System/Library/Frameworks/SystemConfiguration.framework; sourceTree = SDKROOT; };
		333260F91A820D0C0050B267 /* AVFoundation.framework */ = {isa = PBXFileReference; lastKnownFileType = wrapper.framework; name = AVFoundation.framework; path = System/Library/Frameworks/AVFoundation.framework; sourceTree = SDKROOT; };
		333260FA1A820D0C0050B267 /* Foundation.framework */ = {isa = PBXFileReference; lastKnownFileType = wrapper.framework; name = Foundation.framework; path = System/Library/Frameworks/Foundation.framework; sourceTree = SDKROOT; };
		337884E51AC3C6BF00BF0E09 /* zh-Hans */ = {isa = PBXFileReference; lastKnownFileType = text.plist.strings; name = "zh-Hans"; path = "zh-Hans.lproj/LaunchScreen.strings"; sourceTree = "<group>"; };
		337884E71AC3CCEA00BF0E09 /* Base */ = {isa = PBXFileReference; lastKnownFileType = text.plist.strings; name = Base; path = Base.lproj/Localizable.strings; sourceTree = "<group>"; };
		337884E91AC3CCF100BF0E09 /* zh-Hans */ = {isa = PBXFileReference; lastKnownFileType = text.plist.strings; name = "zh-Hans"; path = "zh-Hans.lproj/Localizable.strings"; sourceTree = "<group>"; };
		337884EB1AC3D74800BF0E09 /* Base */ = {isa = PBXFileReference; lastKnownFileType = text.plist.strings; name = Base; path = Base.lproj/InfoPlist.strings; sourceTree = "<group>"; };
		337884ED1AC3D74E00BF0E09 /* zh-Hans */ = {isa = PBXFileReference; lastKnownFileType = text.plist.strings; name = "zh-Hans"; path = "zh-Hans.lproj/InfoPlist.strings"; sourceTree = "<group>"; };
		337884EE1AC3DA0A00BF0E09 /* en */ = {isa = PBXFileReference; lastKnownFileType = text.plist.strings; name = en; path = en.lproj/InfoPlist.strings; sourceTree = "<group>"; };
		337884EF1AC3DA1400BF0E09 /* en */ = {isa = PBXFileReference; lastKnownFileType = text.plist.strings; name = en; path = en.lproj/Localizable.strings; sourceTree = "<group>"; };
		337884F31AC3DA3B00BF0E09 /* en */ = {isa = PBXFileReference; lastKnownFileType = text.plist.strings; name = en; path = en.lproj/LaunchScreen.strings; sourceTree = "<group>"; };
		33A49C7A1A9872C400892454 /* MultipeerConnectivity.framework */ = {isa = PBXFileReference; lastKnownFileType = wrapper.framework; name = MultipeerConnectivity.framework; path = System/Library/Frameworks/MultipeerConnectivity.framework; sourceTree = SDKROOT; };
		33B86A331A82316D00C2EDE7 /* LocalAuthentication.framework */ = {isa = PBXFileReference; lastKnownFileType = wrapper.framework; name = LocalAuthentication.framework; path = System/Library/Frameworks/LocalAuthentication.framework; sourceTree = SDKROOT; };
		33C1DD701CBEA2250012F740 /* FBBaseViewController.h */ = {isa = PBXFileReference; fileEncoding = 4; lastKnownFileType = sourcecode.c.h; path = FBBaseViewController.h; sourceTree = "<group>"; };
		33C1DD711CBEA2250012F740 /* FBBaseViewController.m */ = {isa = PBXFileReference; fileEncoding = 4; lastKnownFileType = sourcecode.c.objc; path = FBBaseViewController.m; sourceTree = "<group>"; };
		33C1DD731CBEA2380012F740 /* FBBaseTableViewController.h */ = {isa = PBXFileReference; fileEncoding = 4; lastKnownFileType = sourcecode.c.h; path = FBBaseTableViewController.h; sourceTree = "<group>"; };
		33C1DD741CBEA2380012F740 /* FBBaseTableViewController.m */ = {isa = PBXFileReference; fileEncoding = 4; lastKnownFileType = sourcecode.c.objc; path = FBBaseTableViewController.m; sourceTree = "<group>"; };
		33C1DD761CBEA2480012F740 /* FBBaseNavigationController.h */ = {isa = PBXFileReference; fileEncoding = 4; lastKnownFileType = sourcecode.c.h; path = FBBaseNavigationController.h; sourceTree = "<group>"; };
		33C1DD771CBEA2480012F740 /* FBBaseNavigationController.m */ = {isa = PBXFileReference; fileEncoding = 4; lastKnownFileType = sourcecode.c.objc; path = FBBaseNavigationController.m; sourceTree = "<group>"; };
		37D38E0FA56082292F99A6D5 /* libPods-FileBox.a */ = {isa = PBXFileReference; explicitFileType = archive.ar; includeInIndex = 0; path = "libPods-FileBox.a"; sourceTree = BUILT_PRODUCTS_DIR; };
		9B3B8E1800F432B2DBB5CCE2 /* Pods-FileBox.release.xcconfig */ = {isa = PBXFileReference; includeInIndex = 1; lastKnownFileType = text.xcconfig; name = "Pods-FileBox.release.xcconfig"; path = "Pods/Target Support Files/Pods-FileBox/Pods-FileBox.release.xcconfig"; sourceTree = "<group>"; };
		B33DD7C61CC0C2F1001F095B /* FBBrightnessView.h */ = {isa = PBXFileReference; fileEncoding = 4; lastKnownFileType = sourcecode.c.h; path = FBBrightnessView.h; sourceTree = "<group>"; };
		B33DD7C71CC0C2F1001F095B /* FBBrightnessView.m */ = {isa = PBXFileReference; fileEncoding = 4; lastKnownFileType = sourcecode.c.objc; path = FBBrightnessView.m; sourceTree = "<group>"; };
		B33DD7C91CC0C2F1001F095B /* FBVideoPlayerControlView.h */ = {isa = PBXFileReference; fileEncoding = 4; lastKnownFileType = sourcecode.c.h; path = FBVideoPlayerControlView.h; sourceTree = "<group>"; };
		B33DD7CA1CC0C2F1001F095B /* FBVideoPlayerControlView.m */ = {isa = PBXFileReference; fileEncoding = 4; lastKnownFileType = sourcecode.c.objc; path = FBVideoPlayerControlView.m; sourceTree = "<group>"; };
		B33DD7CC1CC0C2F1001F095B /* FBFileSummaryCell.h */ = {isa = PBXFileReference; fileEncoding = 4; lastKnownFileType = sourcecode.c.h; path = FBFileSummaryCell.h; sourceTree = "<group>"; };
		B33DD7CD1CC0C2F1001F095B /* FBFileSummaryCell.m */ = {isa = PBXFileReference; fileEncoding = 4; lastKnownFileType = sourcecode.c.objc; path = FBFileSummaryCell.m; sourceTree = "<group>"; };
		B33DD7D21CC0C3F3001F095B /* FBMovieViewController.h */ = {isa = PBXFileReference; fileEncoding = 4; lastKnownFileType = sourcecode.c.h; path = FBMovieViewController.h; sourceTree = "<group>"; };
		B33DD7D31CC0C3F3001F095B /* FBMovieViewController.m */ = {isa = PBXFileReference; fileEncoding = 4; lastKnownFileType = sourcecode.c.objc; path = FBMovieViewController.m; sourceTree = "<group>"; };
		B33DD7D51CC0C411001F095B /* FBMovieGLView.h */ = {isa = PBXFileReference; fileEncoding = 4; lastKnownFileType = sourcecode.c.h; path = FBMovieGLView.h; sourceTree = "<group>"; };
		B33DD7D61CC0C411001F095B /* FBMovieGLView.m */ = {isa = PBXFileReference; fileEncoding = 4; lastKnownFileType = sourcecode.c.objc; path = FBMovieGLView.m; sourceTree = "<group>"; };
		B33DD7D81CC0C426001F095B /* FBAudioPlayer.h */ = {isa = PBXFileReference; fileEncoding = 4; lastKnownFileType = sourcecode.c.h; path = FBAudioPlayer.h; sourceTree = "<group>"; };
		B33DD7D91CC0C426001F095B /* FBAudioPlayer.m */ = {isa = PBXFileReference; fileEncoding = 4; lastKnownFileType = sourcecode.c.objc; path = FBAudioPlayer.m; sourceTree = "<group>"; };
		B33DD7DD1CC0C4B6001F095B /* FBLogger.h */ = {isa = PBXFileReference; fileEncoding = 4; lastKnownFileType = sourcecode.c.h; path = FBLogger.h; sourceTree = "<group>"; };
		B33DD7DE1CC0C4CD001F095B /* FBMovieDecoder.h */ = {isa = PBXFileReference; fileEncoding = 4; lastKnownFileType = sourcecode.c.h; path = FBMovieDecoder.h; sourceTree = "<group>"; };
		B33DD7DF1CC0C4CD001F095B /* FBMovieDecoder.m */ = {isa = PBXFileReference; fileEncoding = 4; lastKnownFileType = sourcecode.c.objc; path = FBMovieDecoder.m; sourceTree = "<group>"; };
		B33DD7E21CC0C4FC001F095B /* Default-568h.png */ = {isa = PBXFileReference; lastKnownFileType = image.png; path = "Default-568h.png"; sourceTree = "<group>"; };
		B33DD7E31CC0C4FC001F095B /* Default.png */ = {isa = PBXFileReference; lastKnownFileType = image.png; path = Default.png; sourceTree = "<group>"; };
		B33DD7E41CC0C4FC001F095B /* Default@2x.png */ = {isa = PBXFileReference; lastKnownFileType = image.png; path = "Default@2x.png"; sourceTree = "<group>"; };
		B33DD7E51CC0C4FC001F095B /* icon.png */ = {isa = PBXFileReference; lastKnownFileType = image.png; path = icon.png; sourceTree = "<group>"; };
		B33DD7E61CC0C4FC001F095B /* icon@2x.png */ = {isa = PBXFileReference; lastKnownFileType = image.png; path = "icon@2x.png"; sourceTree = "<group>"; };
		B33DD7E71CC0C4FC001F095B /* icon@3x.png */ = {isa = PBXFileReference; lastKnownFileType = image.png; path = "icon@3x.png"; sourceTree = "<group>"; };
		B33DD7F01CC0C507001F095B /* FBMovie.bundle */ = {isa = PBXFileReference; lastKnownFileType = "wrapper.plug-in"; path = FBMovie.bundle; sourceTree = "<group>"; };
		B33DD7F21CC0CF32001F095B /* FBBoxNumberView.h */ = {isa = PBXFileReference; fileEncoding = 4; lastKnownFileType = sourcecode.c.h; path = FBBoxNumberView.h; sourceTree = "<group>"; };
		B33DD7F31CC0CF32001F095B /* FBBoxNumberView.m */ = {isa = PBXFileReference; fileEncoding = 4; lastKnownFileType = sourcecode.c.objc; path = FBBoxNumberView.m; sourceTree = "<group>"; };
		B33DD7F51CC0E03B001F095B /* FBVideoPlayer.h */ = {isa = PBXFileReference; fileEncoding = 4; lastKnownFileType = sourcecode.c.h; path = FBVideoPlayer.h; sourceTree = "<group>"; };
		B33DD7F61CC0E03B001F095B /* FBVideoPlayer.m */ = {isa = PBXFileReference; fileEncoding = 4; lastKnownFileType = sourcecode.c.objc; path = FBVideoPlayer.m; sourceTree = "<group>"; };
		B33DD7F81CC0E3A9001F095B /* FBMovieRenderView.h */ = {isa = PBXFileReference; fileEncoding = 4; lastKnownFileType = sourcecode.c.h; path = FBMovieRenderView.h; sourceTree = "<group>"; };
		B35B71521CEAC0D400CE4F4A /* libMasonry.a */ = {isa = PBXFileReference; lastKnownFileType = archive.ar; name = libMasonry.a; path = "../../../../Users/marikejave/Library/Developer/Xcode/DerivedData/FileBox-diqatluexjxiyehkxozdllqjwyhg/Build/Products/Release-iphoneos/libMasonry.a"; sourceTree = "<group>"; };
		B35B71531CEAC0D400CE4F4A /* libNSLogger.a */ = {isa = PBXFileReference; lastKnownFileType = archive.ar; name = libNSLogger.a; path = "../../../../Users/marikejave/Library/Developer/Xcode/DerivedData/FileBox-diqatluexjxiyehkxozdllqjwyhg/Build/Products/Release-iphoneos/libNSLogger.a"; sourceTree = "<group>"; };
		B35B71541CEAC0D400CE4F4A /* libPods.a */ = {isa = PBXFileReference; lastKnownFileType = archive.ar; name = libPods.a; path = "../../../../Users/marikejave/Library/Developer/Xcode/DerivedData/FileBox-diqatluexjxiyehkxozdllqjwyhg/Build/Products/Release-iphoneos/libPods.a"; sourceTree = "<group>"; };
		B35B71551CEAC0D400CE4F4A /* libSDWebImage.a */ = {isa = PBXFileReference; lastKnownFileType = archive.ar; name = libSDWebImage.a; path = "../../../../Users/marikejave/Library/Developer/Xcode/DerivedData/FileBox-diqatluexjxiyehkxozdllqjwyhg/Build/Products/Release-iphoneos/libSDWebImage.a"; sourceTree = "<group>"; };
		B35B71561CEAC0D400CE4F4A /* libXLFBaseViewControllerKit.a */ = {isa = PBXFileReference; lastKnownFileType = archive.ar; name = libXLFBaseViewControllerKit.a; path = "../../../../Users/marikejave/Library/Developer/Xcode/DerivedData/FileBox-diqatluexjxiyehkxozdllqjwyhg/Build/Products/Release-iphoneos/libXLFBaseViewControllerKit.a"; sourceTree = "<group>"; };
		B35B71571CEAC0D400CE4F4A /* libXLFCommonKit.a */ = {isa = PBXFileReference; lastKnownFileType = archive.ar; name = libXLFCommonKit.a; path = "../../../../Users/marikejave/Library/Developer/Xcode/DerivedData/FileBox-diqatluexjxiyehkxozdllqjwyhg/Build/Products/Release-iphoneos/libXLFCommonKit.a"; sourceTree = "<group>"; };
		B35B71581CEAC0D400CE4F4A /* libXLFKeyboardManagerKit.a */ = {isa = PBXFileReference; lastKnownFileType = archive.ar; name = libXLFKeyboardManagerKit.a; path = "../../../../Users/marikejave/Library/Developer/Xcode/DerivedData/FileBox-diqatluexjxiyehkxozdllqjwyhg/Build/Products/Release-iphoneos/libXLFKeyboardManagerKit.a"; sourceTree = "<group>"; };
		B35B71591CEAC0D400CE4F4A /* libXLFPinInputViewControllerKit.a */ = {isa = PBXFileReference; lastKnownFileType = archive.ar; name = libXLFPinInputViewControllerKit.a; path = "../../../../Users/marikejave/Library/Developer/Xcode/DerivedData/FileBox-diqatluexjxiyehkxozdllqjwyhg/Build/Products/Release-iphoneos/libXLFPinInputViewControllerKit.a"; sourceTree = "<group>"; };
/* End PBXFileReference section */

/* Begin PBXFrameworksBuildPhase section */
		333260AA1A81FF5A0050B267 /* Frameworks */ = {
			isa = PBXFrameworksBuildPhase;
			buildActionMask = 2147483647;
			files = (
				B35B715A1CEAC0D400CE4F4A /* libMasonry.a in Frameworks */,
				B35B715B1CEAC0D400CE4F4A /* libNSLogger.a in Frameworks */,
				B35B715D1CEAC0D400CE4F4A /* libSDWebImage.a in Frameworks */,
				B35B715E1CEAC0D400CE4F4A /* libXLFBaseViewControllerKit.a in Frameworks */,
				B35B715F1CEAC0D400CE4F4A /* libXLFCommonKit.a in Frameworks */,
				B35B71601CEAC0D400CE4F4A /* libXLFKeyboardManagerKit.a in Frameworks */,
				B35B71611CEAC0D400CE4F4A /* libXLFPinInputViewControllerKit.a in Frameworks */,
				332EA6271CBE7F0900FFA60E /* libbz2.1.0.tbd in Frameworks */,
				332EA5611CBE75D400FFA60E /* libsqlite3.0.tbd in Frameworks */,
				332EA60E1CBE7DCF00FFA60E /* libavdevice.a in Frameworks */,
				332EA55F1CBE75CD00FFA60E /* libz.1.2.5.tbd in Frameworks */,
				332EA55D1CBE75C500FFA60E /* libstdc++.6.0.9.tbd in Frameworks */,
				332EA55B1CBE75BE00FFA60E /* libiconv.2.4.0.tbd in Frameworks */,
				332EA6111CBE7DCF00FFA60E /* libavutil.a in Frameworks */,
				332EA60F1CBE7DCF00FFA60E /* libavfilter.a in Frameworks */,
				332EA5591CBE756300FFA60E /* libSystem.tbd in Frameworks */,
				33A49C7B1A9872C400892454 /* MultipeerConnectivity.framework in Frameworks */,
				332EA60D1CBE7DCF00FFA60E /* libavcodec.a in Frameworks */,
				33B86A341A82316D00C2EDE7 /* LocalAuthentication.framework in Frameworks */,
				333260FB1A820D0C0050B267 /* CoreText.framework in Frameworks */,
				333260FE1A820D0C0050B267 /* QuartzCore.framework in Frameworks */,
				332EA6131CBE7DCF00FFA60E /* libswscale.a in Frameworks */,
				333261001A820D0C0050B267 /* MobileCoreServices.framework in Frameworks */,
				332EA6101CBE7DCF00FFA60E /* libavformat.a in Frameworks */,
				332EA6121CBE7DCF00FFA60E /* libswresample.a in Frameworks */,
				333261011A820D0C0050B267 /* CoreFoundation.framework in Frameworks */,
				333261041A820D0C0050B267 /* CoreGraphics.framework in Frameworks */,
				333261051A820D0C0050B267 /* UIKit.framework in Frameworks */,
				333261061A820D0C0050B267 /* CoreTelephony.framework in Frameworks */,
				333261071A820D0C0050B267 /* CFNetwork.framework in Frameworks */,
				333261091A820D0C0050B267 /* Security.framework in Frameworks */,
				3332610B1A820D0C0050B267 /* SystemConfiguration.framework in Frameworks */,
				3332610F1A820D0C0050B267 /* Foundation.framework in Frameworks */,
				17E289E92E21CB0BF0C6DAC4 /* libPods-FileBox.a in Frameworks */,
			);
			runOnlyForDeploymentPostprocessing = 0;
		};
/* End PBXFrameworksBuildPhase section */

/* Begin PBXGroup section */
		332EA5791CBE7DCF00FFA60E /* Manager */ = {
			isa = PBXGroup;
			children = (
				B33DD7D81CC0C426001F095B /* FBAudioPlayer.h */,
				B33DD7D91CC0C426001F095B /* FBAudioPlayer.m */,
				332EA57A1CBE7DCF00FFA60E /* FBBluetoothManager.h */,
				332EA57B1CBE7DCF00FFA60E /* FBBluetoothManager.m */,
				332EA57C1CBE7DCF00FFA60E /* FBFileManager.h */,
				332EA57D1CBE7DCF00FFA60E /* FBFileManager.m */,
				332EA57E1CBE7DCF00FFA60E /* FBLockManager.h */,
				332EA57F1CBE7DCF00FFA60E /* FBLockManager.m */,
				B33DD7F51CC0E03B001F095B /* FBVideoPlayer.h */,
				B33DD7F61CC0E03B001F095B /* FBVideoPlayer.m */,
				B33DD7F81CC0E3A9001F095B /* FBMovieRenderView.h */,
			);
			path = Manager;
			sourceTree = "<group>";
		};
		332EA5821CBE7DCF00FFA60E /* Vender */ = {
			isa = PBXGroup;
			children = (
				332EA5831CBE7DCF00FFA60E /* FFmpeg */,
			);
			path = Vender;
			sourceTree = "<group>";
		};
		332EA5831CBE7DCF00FFA60E /* FFmpeg */ = {
			isa = PBXGroup;
			children = (
				332EA5841CBE7DCF00FFA60E /* include */,
				332EA5DE1CBE7DCF00FFA60E /* lib */,
			);
			path = FFmpeg;
			sourceTree = "<group>";
		};
		332EA5841CBE7DCF00FFA60E /* include */ = {
			isa = PBXGroup;
			children = (
				332EA5851CBE7DCF00FFA60E /* libavcodec */,
				332EA58F1CBE7DCF00FFA60E /* libavdevice */,
				332EA5921CBE7DCF00FFA60E /* libavfilter */,
				332EA59A1CBE7DCF00FFA60E /* libavformat */,
				332EA59E1CBE7DCF00FFA60E /* libavutil */,
				332EA5D81CBE7DCF00FFA60E /* libswresample */,
				332EA5DB1CBE7DCF00FFA60E /* libswscale */,
			);
			path = include;
			sourceTree = "<group>";
		};
		332EA5851CBE7DCF00FFA60E /* libavcodec */ = {
			isa = PBXGroup;
			children = (
				332EA5861CBE7DCF00FFA60E /* avcodec.h */,
				332EA5871CBE7DCF00FFA60E /* avfft.h */,
				332EA5881CBE7DCF00FFA60E /* dxva2.h */,
				332EA5891CBE7DCF00FFA60E /* old_codec_ids.h */,
				332EA58A1CBE7DCF00FFA60E /* vaapi.h */,
				332EA58B1CBE7DCF00FFA60E /* vda.h */,
				332EA58C1CBE7DCF00FFA60E /* vdpau.h */,
				332EA58D1CBE7DCF00FFA60E /* version.h */,
				332EA58E1CBE7DCF00FFA60E /* xvmc.h */,
			);
			path = libavcodec;
			sourceTree = "<group>";
		};
		332EA58F1CBE7DCF00FFA60E /* libavdevice */ = {
			isa = PBXGroup;
			children = (
				332EA5901CBE7DCF00FFA60E /* avdevice.h */,
				332EA5911CBE7DCF00FFA60E /* version.h */,
			);
			path = libavdevice;
			sourceTree = "<group>";
		};
		332EA5921CBE7DCF00FFA60E /* libavfilter */ = {
			isa = PBXGroup;
			children = (
				332EA5931CBE7DCF00FFA60E /* asrc_abuffer.h */,
				332EA5941CBE7DCF00FFA60E /* avcodec.h */,
				332EA5951CBE7DCF00FFA60E /* avfilter.h */,
				332EA5961CBE7DCF00FFA60E /* avfiltergraph.h */,
				332EA5971CBE7DCF00FFA60E /* buffersink.h */,
				332EA5981CBE7DCF00FFA60E /* buffersrc.h */,
				332EA5991CBE7DCF00FFA60E /* version.h */,
			);
			path = libavfilter;
			sourceTree = "<group>";
		};
		332EA59A1CBE7DCF00FFA60E /* libavformat */ = {
			isa = PBXGroup;
			children = (
				332EA59B1CBE7DCF00FFA60E /* avformat.h */,
				332EA59C1CBE7DCF00FFA60E /* avio.h */,
				332EA59D1CBE7DCF00FFA60E /* version.h */,
			);
			path = libavformat;
			sourceTree = "<group>";
		};
		332EA59E1CBE7DCF00FFA60E /* libavutil */ = {
			isa = PBXGroup;
			children = (
				332EA59F1CBE7DCF00FFA60E /* adler32.h */,
				332EA5A01CBE7DCF00FFA60E /* aes.h */,
				332EA5A11CBE7DCF00FFA60E /* attributes.h */,
				332EA5A21CBE7DCF00FFA60E /* audio_fifo.h */,
				332EA5A31CBE7DCF00FFA60E /* audioconvert.h */,
				332EA5A41CBE7DCF00FFA60E /* avassert.h */,
				332EA5A51CBE7DCF00FFA60E /* avconfig.h */,
				332EA5A61CBE7DCF00FFA60E /* avstring.h */,
				332EA5A71CBE7DCF00FFA60E /* avutil.h */,
				332EA5A81CBE7DCF00FFA60E /* base64.h */,
				332EA5A91CBE7DCF00FFA60E /* blowfish.h */,
				332EA5AA1CBE7DCF00FFA60E /* bprint.h */,
				332EA5AB1CBE7DCF00FFA60E /* bswap.h */,
				332EA5AC1CBE7DCF00FFA60E /* buffer.h */,
				332EA5AD1CBE7DCF00FFA60E /* channel_layout.h */,
				332EA5AE1CBE7DCF00FFA60E /* common.h */,
				332EA5AF1CBE7DCF00FFA60E /* cpu.h */,
				332EA5B01CBE7DCF00FFA60E /* crc.h */,
				332EA5B11CBE7DCF00FFA60E /* dict.h */,
				332EA5B21CBE7DCF00FFA60E /* downmix_info.h */,
				332EA5B31CBE7DCF00FFA60E /* error.h */,
				332EA5B41CBE7DCF00FFA60E /* eval.h */,
				332EA5B51CBE7DCF00FFA60E /* ffversion.h */,
				332EA5B61CBE7DCF00FFA60E /* fifo.h */,
				332EA5B71CBE7DCF00FFA60E /* file.h */,
				332EA5B81CBE7DCF00FFA60E /* frame.h */,
				332EA5B91CBE7DCF00FFA60E /* hmac.h */,
				332EA5BA1CBE7DCF00FFA60E /* imgutils.h */,
				332EA5BB1CBE7DCF00FFA60E /* intfloat.h */,
				332EA5BC1CBE7DCF00FFA60E /* intfloat_readwrite.h */,
				332EA5BD1CBE7DCF00FFA60E /* intreadwrite.h */,
				332EA5BE1CBE7DCF00FFA60E /* lfg.h */,
				332EA5BF1CBE7DCF00FFA60E /* log.h */,
				332EA5C01CBE7DCF00FFA60E /* lzo.h */,
				332EA5C11CBE7DCF00FFA60E /* macros.h */,
				332EA5C21CBE7DCF00FFA60E /* mathematics.h */,
				332EA5C31CBE7DCF00FFA60E /* md5.h */,
				332EA5C41CBE7DCF00FFA60E /* mem.h */,
				332EA5C51CBE7DCF00FFA60E /* murmur3.h */,
				332EA5C61CBE7DCF00FFA60E /* old_pix_fmts.h */,
				332EA5C71CBE7DCF00FFA60E /* opt.h */,
				332EA5C81CBE7DCF00FFA60E /* parseutils.h */,
				332EA5C91CBE7DCF00FFA60E /* pixdesc.h */,
				332EA5CA1CBE7DCF00FFA60E /* pixfmt.h */,
				332EA5CB1CBE7DCF00FFA60E /* random_seed.h */,
				332EA5CC1CBE7DCF00FFA60E /* rational.h */,
				332EA5CD1CBE7DCF00FFA60E /* replaygain.h */,
				332EA5CE1CBE7DCF00FFA60E /* ripemd.h */,
				332EA5CF1CBE7DCF00FFA60E /* samplefmt.h */,
				332EA5D01CBE7DCF00FFA60E /* sha.h */,
				332EA5D11CBE7DCF00FFA60E /* sha512.h */,
				332EA5D21CBE7DCF00FFA60E /* stereo3d.h */,
				332EA5D31CBE7DCF00FFA60E /* time.h */,
				332EA5D41CBE7DCF00FFA60E /* timecode.h */,
				332EA5D51CBE7DCF00FFA60E /* timestamp.h */,
				332EA5D61CBE7DCF00FFA60E /* version.h */,
				332EA5D71CBE7DCF00FFA60E /* xtea.h */,
			);
			path = libavutil;
			sourceTree = "<group>";
		};
		332EA5D81CBE7DCF00FFA60E /* libswresample */ = {
			isa = PBXGroup;
			children = (
				332EA5D91CBE7DCF00FFA60E /* swresample.h */,
				332EA5DA1CBE7DCF00FFA60E /* version.h */,
			);
			path = libswresample;
			sourceTree = "<group>";
		};
		332EA5DB1CBE7DCF00FFA60E /* libswscale */ = {
			isa = PBXGroup;
			children = (
				332EA5DC1CBE7DCF00FFA60E /* swscale.h */,
				332EA5DD1CBE7DCF00FFA60E /* version.h */,
			);
			path = libswscale;
			sourceTree = "<group>";
		};
		332EA5DE1CBE7DCF00FFA60E /* lib */ = {
			isa = PBXGroup;
			children = (
				332EA5DF1CBE7DCF00FFA60E /* libavcodec.a */,
				332EA5E01CBE7DCF00FFA60E /* libavdevice.a */,
				332EA5E11CBE7DCF00FFA60E /* libavfilter.a */,
				332EA5E21CBE7DCF00FFA60E /* libavformat.a */,
				332EA5E31CBE7DCF00FFA60E /* libavutil.a */,
				332EA5E41CBE7DCF00FFA60E /* libswresample.a */,
				332EA5E51CBE7DCF00FFA60E /* libswscale.a */,
			);
			path = lib;
			sourceTree = "<group>";
		};
		332EA5FD1CBE7DCF00FFA60E /* ViewControllers */ = {
			isa = PBXGroup;
			children = (
				33C1DD6F1CBEA2100012F740 /* BaseViewControllers */,
				B33DD7D21CC0C3F3001F095B /* FBMovieViewController.h */,
				B33DD7D31CC0C3F3001F095B /* FBMovieViewController.m */,
				332EA5FE1CBE7DCF00FFA60E /* FBFileTransferVC.h */,
				332EA5FF1CBE7DCF00FFA60E /* FBFileTransferVC.m */,
				332EA6001CBE7DCF00FFA60E /* FBFolderPreviewVC.h */,
				332EA6011CBE7DCF00FFA60E /* FBFolderPreviewVC.m */,
				332EA6021CBE7DCF00FFA60E /* FBFolderSelectorVC.h */,
				332EA6031CBE7DCF00FFA60E /* FBFolderSelectorVC.m */,
				332EA6041CBE7DCF00FFA60E /* FBRootVC.h */,
				332EA6051CBE7DCF00FFA60E /* FBRootVC.m */,
				332EA6061CBE7DCF00FFA60E /* FBSystemSettingsVC.h */,
				332EA6071CBE7DCF00FFA60E /* FBSystemSettingsVC.m */,
			);
			path = ViewControllers;
			sourceTree = "<group>";
		};
		332EA6081CBE7DCF00FFA60E /* ViewModels */ = {
			isa = PBXGroup;
			children = (
			);
			path = ViewModels;
			sourceTree = "<group>";
		};
		332EA6091CBE7DCF00FFA60E /* Views */ = {
			isa = PBXGroup;
			children = (
				B33DD7C51CC0C2F1001F095B /* NormalViews */,
				B33DD7CB1CC0C2F1001F095B /* TableViewCells */,
			);
			path = Views;
			sourceTree = "<group>";
		};
		333260A41A81FF5A0050B267 = {
			isa = PBXGroup;
			children = (
				339724021A88FC0900582B6D /* Frameworks */,
				333260AF1A81FF5A0050B267 /* FileBox */,
				333260AE1A81FF5A0050B267 /* Products */,
				920B536D16AC009D4444954C /* Pods */,
			);
			sourceTree = "<group>";
		};
		333260AE1A81FF5A0050B267 /* Products */ = {
			isa = PBXGroup;
			children = (
				333260AD1A81FF5A0050B267 /* FileBox.app */,
			);
			name = Products;
			sourceTree = "<group>";
		};
		333260AF1A81FF5A0050B267 /* FileBox */ = {
			isa = PBXGroup;
			children = (
				B33DD7E11CC0C4FC001F095B /* Resources */,
				B33DD7DB1CC0C4B6001F095B /* Models */,
				B33DD7DC1CC0C4B6001F095B /* Utils */,
				332EA5791CBE7DCF00FFA60E /* Manager */,
				332EA5821CBE7DCF00FFA60E /* Vender */,
				332EA5FD1CBE7DCF00FFA60E /* ViewControllers */,
				332EA6081CBE7DCF00FFA60E /* ViewModels */,
				332EA6091CBE7DCF00FFA60E /* Views */,
				333260B41A81FF5A0050B267 /* FBAppDelegate.h */,
				333260B51A81FF5A0050B267 /* FBAppDelegate.m */,
				333260B01A81FF5A0050B267 /* Supporting Files */,
				333260BD1A81FF5A0050B267 /* Images.xcassets */,
				333260BF1A81FF5A0050B267 /* LaunchScreen.xib */,
			);
			path = FileBox;
			sourceTree = "<group>";
		};
		333260B01A81FF5A0050B267 /* Supporting Files */ = {
			isa = PBXGroup;
			children = (
				337884EA1AC3D74800BF0E09 /* InfoPlist.strings */,
				337884E61AC3CCEA00BF0E09 /* Localizable.strings */,
				333260B11A81FF5A0050B267 /* Info.plist */,
				333260B21A81FF5A0050B267 /* main.m */,
				332EA5781CBE774200FFA60E /* FileBox-Prefix.pch */,
			);
			name = "Supporting Files";
			sourceTree = "<group>";
		};
		339724021A88FC0900582B6D /* Frameworks */ = {
			isa = PBXGroup;
			children = (
				B35B71521CEAC0D400CE4F4A /* libMasonry.a */,
				B35B71531CEAC0D400CE4F4A /* libNSLogger.a */,
				B35B71541CEAC0D400CE4F4A /* libPods.a */,
				B35B71551CEAC0D400CE4F4A /* libSDWebImage.a */,
				B35B71561CEAC0D400CE4F4A /* libXLFBaseViewControllerKit.a */,
				B35B71571CEAC0D400CE4F4A /* libXLFCommonKit.a */,
				B35B71581CEAC0D400CE4F4A /* libXLFKeyboardManagerKit.a */,
				B35B71591CEAC0D400CE4F4A /* libXLFPinInputViewControllerKit.a */,
				332EA6261CBE7F0900FFA60E /* libbz2.1.0.tbd */,
				332EA5601CBE75D400FFA60E /* libsqlite3.0.tbd */,
				332EA55E1CBE75CD00FFA60E /* libz.1.2.5.tbd */,
				332EA55C1CBE75C500FFA60E /* libstdc++.6.0.9.tbd */,
				332EA55A1CBE75BE00FFA60E /* libiconv.2.4.0.tbd */,
				332EA5581CBE756300FFA60E /* libSystem.tbd */,
				33A49C7A1A9872C400892454 /* MultipeerConnectivity.framework */,
				33B86A331A82316D00C2EDE7 /* LocalAuthentication.framework */,
				333260E61A820D0C0050B267 /* CoreText.framework */,
				333260E91A820D0C0050B267 /* QuartzCore.framework */,
				333260EB1A820D0C0050B267 /* MobileCoreServices.framework */,
				333260EC1A820D0C0050B267 /* CoreFoundation.framework */,
				333260EF1A820D0C0050B267 /* CoreGraphics.framework */,
				333260F01A820D0C0050B267 /* UIKit.framework */,
				333260F11A820D0C0050B267 /* CoreTelephony.framework */,
				333260F21A820D0C0050B267 /* CFNetwork.framework */,
				333260F41A820D0C0050B267 /* Security.framework */,
				333260F61A820D0C0050B267 /* SystemConfiguration.framework */,
				333260F91A820D0C0050B267 /* AVFoundation.framework */,
				333260FA1A820D0C0050B267 /* Foundation.framework */,
				37D38E0FA56082292F99A6D5 /* libPods-FileBox.a */,
			);
			name = Frameworks;
			sourceTree = "<group>";
		};
		33C1DD6F1CBEA2100012F740 /* BaseViewControllers */ = {
			isa = PBXGroup;
			children = (
				33C1DD701CBEA2250012F740 /* FBBaseViewController.h */,
				33C1DD711CBEA2250012F740 /* FBBaseViewController.m */,
				33C1DD731CBEA2380012F740 /* FBBaseTableViewController.h */,
				33C1DD741CBEA2380012F740 /* FBBaseTableViewController.m */,
				33C1DD761CBEA2480012F740 /* FBBaseNavigationController.h */,
				33C1DD771CBEA2480012F740 /* FBBaseNavigationController.m */,
			);
			path = BaseViewControllers;
			sourceTree = "<group>";
		};
		920B536D16AC009D4444954C /* Pods */ = {
			isa = PBXGroup;
			children = (
				1F2467FCE77670583938E41A /* Pods-FileBox.debug.xcconfig */,
				9B3B8E1800F432B2DBB5CCE2 /* Pods-FileBox.release.xcconfig */,
			);
			name = Pods;
			sourceTree = "<group>";
		};
		B33DD7C51CC0C2F1001F095B /* NormalViews */ = {
			isa = PBXGroup;
			children = (
				B33DD7D51CC0C411001F095B /* FBMovieGLView.h */,
				B33DD7D61CC0C411001F095B /* FBMovieGLView.m */,
				B33DD7C61CC0C2F1001F095B /* FBBrightnessView.h */,
				B33DD7C71CC0C2F1001F095B /* FBBrightnessView.m */,
				B33DD7C91CC0C2F1001F095B /* FBVideoPlayerControlView.h */,
				B33DD7CA1CC0C2F1001F095B /* FBVideoPlayerControlView.m */,
				B33DD7F21CC0CF32001F095B /* FBBoxNumberView.h */,
				B33DD7F31CC0CF32001F095B /* FBBoxNumberView.m */,
			);
			path = NormalViews;
			sourceTree = "<group>";
		};
		B33DD7CB1CC0C2F1001F095B /* TableViewCells */ = {
			isa = PBXGroup;
			children = (
				B33DD7CC1CC0C2F1001F095B /* FBFileSummaryCell.h */,
				B33DD7CD1CC0C2F1001F095B /* FBFileSummaryCell.m */,
			);
			path = TableViewCells;
			sourceTree = "<group>";
		};
		B33DD7DB1CC0C4B6001F095B /* Models */ = {
			isa = PBXGroup;
			children = (
			);
			path = Models;
			sourceTree = "<group>";
		};
		B33DD7DC1CC0C4B6001F095B /* Utils */ = {
			isa = PBXGroup;
			children = (
				B33DD7DE1CC0C4CD001F095B /* FBMovieDecoder.h */,
				B33DD7DF1CC0C4CD001F095B /* FBMovieDecoder.m */,
				B33DD7DD1CC0C4B6001F095B /* FBLogger.h */,
			);
			path = Utils;
			sourceTree = "<group>";
		};
		B33DD7E11CC0C4FC001F095B /* Resources */ = {
			isa = PBXGroup;
			children = (
				B33DD7F01CC0C507001F095B /* FBMovie.bundle */,
				B33DD7E21CC0C4FC001F095B /* Default-568h.png */,
				B33DD7E31CC0C4FC001F095B /* Default.png */,
				B33DD7E41CC0C4FC001F095B /* Default@2x.png */,
				B33DD7E51CC0C4FC001F095B /* icon.png */,
				B33DD7E61CC0C4FC001F095B /* icon@2x.png */,
				B33DD7E71CC0C4FC001F095B /* icon@3x.png */,
			);
			path = Resources;
			sourceTree = "<group>";
		};
/* End PBXGroup section */

/* Begin PBXNativeTarget section */
		333260AC1A81FF5A0050B267 /* FileBox */ = {
			isa = PBXNativeTarget;
			buildConfigurationList = 333260D01A81FF5A0050B267 /* Build configuration list for PBXNativeTarget "FileBox" */;
			buildPhases = (
				CFD4858C489296895B2B2F34 /* 📦 Check Pods Manifest.lock */,
				333260A91A81FF5A0050B267 /* Sources */,
				333260AA1A81FF5A0050B267 /* Frameworks */,
				333260AB1A81FF5A0050B267 /* Resources */,
				47295BB401A91FB008514264 /* 📦 Embed Pods Frameworks */,
				CFD006F2CBEFCDB5A7CBE505 /* 📦 Copy Pods Resources */,
			);
			buildRules = (
			);
			dependencies = (
			);
			name = FileBox;
			productName = UserPrivate;
			productReference = 333260AD1A81FF5A0050B267 /* FileBox.app */;
			productType = "com.apple.product-type.application";
		};
/* End PBXNativeTarget section */

/* Begin PBXProject section */
		333260A51A81FF5A0050B267 /* Project object */ = {
			isa = PBXProject;
			attributes = {
				CLASSPREFIX = FB;
				LastUpgradeCheck = 0730;
				ORGANIZATIONNAME = "Marike Jave";
				TargetAttributes = {
					333260AC1A81FF5A0050B267 = {
						CreatedOnToolsVersion = 6.1.1;
						DevelopmentTeam = RE2JV76BF9;
						SystemCapabilities = {
							com.apple.BackgroundModes = {
								enabled = 0;
							};
						};
					};
				};
			};
			buildConfigurationList = 333260A81A81FF5A0050B267 /* Build configuration list for PBXProject "FileBox" */;
			compatibilityVersion = "Xcode 3.2";
			developmentRegion = English;
			hasScannedForEncodings = 0;
			knownRegions = (
				en,
				Base,
				"zh-Hans",
			);
			mainGroup = 333260A41A81FF5A0050B267;
			productRefGroup = 333260AE1A81FF5A0050B267 /* Products */;
			projectDirPath = "";
			projectRoot = "";
			targets = (
				333260AC1A81FF5A0050B267 /* FileBox */,
			);
		};
/* End PBXProject section */

/* Begin PBXResourcesBuildPhase section */
		333260AB1A81FF5A0050B267 /* Resources */ = {
			isa = PBXResourcesBuildPhase;
			buildActionMask = 2147483647;
			files = (
				B33DD7EB1CC0C4FC001F095B /* Default@2x.png in Resources */,
				337884E81AC3CCEA00BF0E09 /* Localizable.strings in Resources */,
				B33DD7F11CC0C507001F095B /* FBMovie.bundle in Resources */,
				B33DD7EE1CC0C4FC001F095B /* icon@3x.png in Resources */,
				B33DD7EC1CC0C4FC001F095B /* icon.png in Resources */,
				333260C11A81FF5A0050B267 /* LaunchScreen.xib in Resources */,
				333260BE1A81FF5A0050B267 /* Images.xcassets in Resources */,
				B33DD7EA1CC0C4FC001F095B /* Default.png in Resources */,
				B33DD7E91CC0C4FC001F095B /* Default-568h.png in Resources */,
				337884EC1AC3D74800BF0E09 /* InfoPlist.strings in Resources */,
				B33DD7ED1CC0C4FC001F095B /* icon@2x.png in Resources */,
			);
			runOnlyForDeploymentPostprocessing = 0;
		};
/* End PBXResourcesBuildPhase section */

/* Begin PBXShellScriptBuildPhase section */
		47295BB401A91FB008514264 /* 📦 Embed Pods Frameworks */ = {
			isa = PBXShellScriptBuildPhase;
			buildActionMask = 2147483647;
			files = (
			);
			inputPaths = (
			);
			name = "📦 Embed Pods Frameworks";
			outputPaths = (
			);
			runOnlyForDeploymentPostprocessing = 0;
			shellPath = /bin/sh;
			shellScript = "\"${SRCROOT}/Pods/Target Support Files/Pods-FileBox/Pods-FileBox-frameworks.sh\"\n";
			showEnvVarsInLog = 0;
		};
		CFD006F2CBEFCDB5A7CBE505 /* 📦 Copy Pods Resources */ = {
			isa = PBXShellScriptBuildPhase;
			buildActionMask = 2147483647;
			files = (
			);
			inputPaths = (
			);
			name = "📦 Copy Pods Resources";
			outputPaths = (
			);
			runOnlyForDeploymentPostprocessing = 0;
			shellPath = /bin/sh;
			shellScript = "\"${SRCROOT}/Pods/Target Support Files/Pods-FileBox/Pods-FileBox-resources.sh\"\n";
			showEnvVarsInLog = 0;
		};
		CFD4858C489296895B2B2F34 /* 📦 Check Pods Manifest.lock */ = {
			isa = PBXShellScriptBuildPhase;
			buildActionMask = 2147483647;
			files = (
			);
			inputPaths = (
			);
			name = "📦 Check Pods Manifest.lock";
			outputPaths = (
			);
			runOnlyForDeploymentPostprocessing = 0;
			shellPath = /bin/sh;
			shellScript = "diff \"${PODS_ROOT}/../Podfile.lock\" \"${PODS_ROOT}/Manifest.lock\" > /dev/null\nif [[ $? != 0 ]] ; then\n    cat << EOM\nerror: The sandbox is not in sync with the Podfile.lock. Run 'pod install' or update your CocoaPods installation.\nEOM\n    exit 1\nfi\n";
			showEnvVarsInLog = 0;
		};
/* End PBXShellScriptBuildPhase section */

/* Begin PBXSourcesBuildPhase section */
		333260A91A81FF5A0050B267 /* Sources */ = {
			isa = PBXSourcesBuildPhase;
			buildActionMask = 2147483647;
			files = (
				332EA6251CBE7DCF00FFA60E /* FBSystemSettingsVC.m in Sources */,
				332EA6231CBE7DCF00FFA60E /* FBFolderSelectorVC.m in Sources */,
				332EA60A1CBE7DCF00FFA60E /* FBBluetoothManager.m in Sources */,
				B33DD7D01CC0C2F1001F095B /* FBVideoPlayerControlView.m in Sources */,
				B33DD7E01CC0C4CD001F095B /* FBMovieDecoder.m in Sources */,
				33C1DD721CBEA2250012F740 /* FBBaseViewController.m in Sources */,
				33C1DD751CBEA2380012F740 /* FBBaseTableViewController.m in Sources */,
				B33DD7F41CC0CF32001F095B /* FBBoxNumberView.m in Sources */,
				B33DD7D71CC0C412001F095B /* FBMovieGLView.m in Sources */,
				332EA60B1CBE7DCF00FFA60E /* FBFileManager.m in Sources */,
				B33DD7D11CC0C2F1001F095B /* FBFileSummaryCell.m in Sources */,
				B33DD7D41CC0C3F3001F095B /* FBMovieViewController.m in Sources */,
				B33DD7CE1CC0C2F1001F095B /* FBBrightnessView.m in Sources */,
				333260B61A81FF5A0050B267 /* FBAppDelegate.m in Sources */,
				332EA6221CBE7DCF00FFA60E /* FBFolderPreviewVC.m in Sources */,
				332EA6241CBE7DCF00FFA60E /* FBRootVC.m in Sources */,
				B33DD7DA1CC0C426001F095B /* FBAudioPlayer.m in Sources */,
				333260B31A81FF5A0050B267 /* main.m in Sources */,
				B33DD7F71CC0E03B001F095B /* FBVideoPlayer.m in Sources */,
				33C1DD781CBEA2480012F740 /* FBBaseNavigationController.m in Sources */,
				332EA60C1CBE7DCF00FFA60E /* FBLockManager.m in Sources */,
				332EA6211CBE7DCF00FFA60E /* FBFileTransferVC.m in Sources */,
			);
			runOnlyForDeploymentPostprocessing = 0;
		};
/* End PBXSourcesBuildPhase section */

/* Begin PBXVariantGroup section */
		333260BF1A81FF5A0050B267 /* LaunchScreen.xib */ = {
			isa = PBXVariantGroup;
			children = (
				333260C01A81FF5A0050B267 /* Base */,
				337884E51AC3C6BF00BF0E09 /* zh-Hans */,
				337884F31AC3DA3B00BF0E09 /* en */,
			);
			name = LaunchScreen.xib;
			sourceTree = "<group>";
		};
		337884E61AC3CCEA00BF0E09 /* Localizable.strings */ = {
			isa = PBXVariantGroup;
			children = (
				337884E71AC3CCEA00BF0E09 /* Base */,
				337884E91AC3CCF100BF0E09 /* zh-Hans */,
				337884EF1AC3DA1400BF0E09 /* en */,
			);
			name = Localizable.strings;
			sourceTree = "<group>";
		};
		337884EA1AC3D74800BF0E09 /* InfoPlist.strings */ = {
			isa = PBXVariantGroup;
			children = (
				337884EB1AC3D74800BF0E09 /* Base */,
				337884ED1AC3D74E00BF0E09 /* zh-Hans */,
				337884EE1AC3DA0A00BF0E09 /* en */,
			);
			name = InfoPlist.strings;
			sourceTree = "<group>";
		};
/* End PBXVariantGroup section */

/* Begin XCBuildConfiguration section */
		333260CE1A81FF5A0050B267 /* Debug */ = {
			isa = XCBuildConfiguration;
			buildSettings = {
				ALWAYS_SEARCH_USER_PATHS = NO;
				CLANG_CXX_LANGUAGE_STANDARD = "gnu++0x";
				CLANG_CXX_LIBRARY = "libc++";
				CLANG_ENABLE_MODULES = YES;
				CLANG_ENABLE_OBJC_ARC = YES;
				CLANG_WARN_BOOL_CONVERSION = YES;
				CLANG_WARN_CONSTANT_CONVERSION = YES;
				CLANG_WARN_DIRECT_OBJC_ISA_USAGE = YES_ERROR;
				CLANG_WARN_EMPTY_BODY = YES;
				CLANG_WARN_ENUM_CONVERSION = YES;
				CLANG_WARN_INT_CONVERSION = YES;
				CLANG_WARN_OBJC_ROOT_CLASS = YES_ERROR;
				CLANG_WARN_UNREACHABLE_CODE = YES;
				CLANG_WARN__DUPLICATE_METHOD_MATCH = YES;
				CODE_SIGN_IDENTITY = "iPhone Developer";
				"CODE_SIGN_IDENTITY[sdk=iphoneos*]" = "iPhone Developer";
				COPY_PHASE_STRIP = NO;
				ENABLE_STRICT_OBJC_MSGSEND = YES;
				ENABLE_TESTABILITY = YES;
				GCC_C_LANGUAGE_STANDARD = gnu99;
				GCC_DYNAMIC_NO_PIC = NO;
				GCC_OPTIMIZATION_LEVEL = 0;
				GCC_PREPROCESSOR_DEFINITIONS = (
					"DEBUG=1",
					"$(inherited)",
				);
				GCC_SYMBOLS_PRIVATE_EXTERN = NO;
				GCC_WARN_64_TO_32_BIT_CONVERSION = YES;
				GCC_WARN_ABOUT_RETURN_TYPE = YES_ERROR;
				GCC_WARN_UNDECLARED_SELECTOR = YES;
				GCC_WARN_UNINITIALIZED_AUTOS = YES_AGGRESSIVE;
				GCC_WARN_UNUSED_FUNCTION = YES;
				GCC_WARN_UNUSED_VARIABLE = YES;
				IPHONEOS_DEPLOYMENT_TARGET = 8.2;
				MTL_ENABLE_DEBUG_INFO = YES;
				ONLY_ACTIVE_ARCH = YES;
				SDKROOT = iphoneos;
				TARGETED_DEVICE_FAMILY = "1,2";
			};
			name = Debug;
		};
		333260CF1A81FF5A0050B267 /* Release */ = {
			isa = XCBuildConfiguration;
			buildSettings = {
				ALWAYS_SEARCH_USER_PATHS = NO;
				CLANG_CXX_LANGUAGE_STANDARD = "gnu++0x";
				CLANG_CXX_LIBRARY = "libc++";
				CLANG_ENABLE_MODULES = YES;
				CLANG_ENABLE_OBJC_ARC = YES;
				CLANG_WARN_BOOL_CONVERSION = YES;
				CLANG_WARN_CONSTANT_CONVERSION = YES;
				CLANG_WARN_DIRECT_OBJC_ISA_USAGE = YES_ERROR;
				CLANG_WARN_EMPTY_BODY = YES;
				CLANG_WARN_ENUM_CONVERSION = YES;
				CLANG_WARN_INT_CONVERSION = YES;
				CLANG_WARN_OBJC_ROOT_CLASS = YES_ERROR;
				CLANG_WARN_UNREACHABLE_CODE = YES;
				CLANG_WARN__DUPLICATE_METHOD_MATCH = YES;
				CODE_SIGN_IDENTITY = "iPhone Developer";
				"CODE_SIGN_IDENTITY[sdk=iphoneos*]" = "iPhone Developer";
				COPY_PHASE_STRIP = YES;
				ENABLE_NS_ASSERTIONS = NO;
				ENABLE_STRICT_OBJC_MSGSEND = YES;
				GCC_C_LANGUAGE_STANDARD = gnu99;
				GCC_WARN_64_TO_32_BIT_CONVERSION = YES;
				GCC_WARN_ABOUT_RETURN_TYPE = YES_ERROR;
				GCC_WARN_UNDECLARED_SELECTOR = YES;
				GCC_WARN_UNINITIALIZED_AUTOS = YES_AGGRESSIVE;
				GCC_WARN_UNUSED_FUNCTION = YES;
				GCC_WARN_UNUSED_VARIABLE = YES;
				IPHONEOS_DEPLOYMENT_TARGET = 8.2;
				MTL_ENABLE_DEBUG_INFO = NO;
				SDKROOT = iphoneos;
				TARGETED_DEVICE_FAMILY = "1,2";
				VALIDATE_PRODUCT = YES;
			};
			name = Release;
		};
		333260D11A81FF5A0050B267 /* Debug */ = {
			isa = XCBuildConfiguration;
			baseConfigurationReference = 1F2467FCE77670583938E41A /* Pods-FileBox.debug.xcconfig */;
			buildSettings = {
				ASSETCATALOG_COMPILER_APPICON_NAME = AppIcon;
				ASSETCATALOG_COMPILER_LAUNCHIMAGE_NAME = LaunchImage;
				CODE_SIGN_IDENTITY = "iPhone Developer";
				"CODE_SIGN_IDENTITY[sdk=iphoneos*]" = "iPhone Developer";
				CONFIGURATION_BUILD_DIR = "$(BUILD_DIR)/$(CONFIGURATION)$(EFFECTIVE_PLATFORM_NAME)";
				ENABLE_BITCODE = NO;
				FRAMEWORK_SEARCH_PATHS = "";
				GCC_PRECOMPILE_PREFIX_HEADER = YES;
				GCC_PREFIX_HEADER = "FileBox/FileBox-Prefix.pch";
				HEADER_SEARCH_PATHS = (
					"$(inherited)",
					"\"${PODS_ROOT}/Headers/Public\"",
					"\"${PODS_ROOT}/Headers/Public/ASIKit\"",
					"\"${PODS_ROOT}/Headers/Public/Masonry\"",
					"\"${PODS_ROOT}/Headers/Public/NSLogger\"",
					"\"${PODS_ROOT}/Headers/Public/SDWebImage\"",
					"\"${PODS_ROOT}/Headers/Public/XLFBaseHttpRequestKit\"",
					"\"${PODS_ROOT}/Headers/Public/XLFBaseModelKit\"",
					"\"${PODS_ROOT}/Headers/Public/XLFBaseViewControllerKit\"",
					"\"${PODS_ROOT}/Headers/Public/XLFCommonKit\"",
					"\"${PODS_ROOT}/Headers/Public/XLFKeyboardManagerKit\"",
					"\"${PODS_ROOT}/Headers/Public/XLFPinInputViewControllerKit\"",
					"$(PROJECT_DIR)/FileBox/Vender/FFmpeg/include",
				);
				INFOPLIST_FILE = FileBox/Info.plist;
				IPHONEOS_DEPLOYMENT_TARGET = 7.0;
				LD_RUNPATH_SEARCH_PATHS = "$(inherited) @executable_path/Frameworks";
				LIBRARY_SEARCH_PATHS = "$(PROJECT_DIR)/FileBox/Vender/FFmpeg/lib";
				ONLY_ACTIVE_ARCH = YES;
				OTHER_LDFLAGS = (
					"-ObjC",
					"-licucore",
				);
				PRODUCT_BUNDLE_IDENTIFIER = "com.marikejave.$(PRODUCT_NAME:rfc1034identifier)";
				PRODUCT_NAME = FileBox;
				PROVISIONING_PROFILE = "";
				TARGETED_DEVICE_FAMILY = 1;
				WARNING_CFLAGS = "-Wno-arc-performSelector-leaks";
			};
			name = Debug;
		};
		333260D21A81FF5A0050B267 /* Release */ = {
			isa = XCBuildConfiguration;
			baseConfigurationReference = 9B3B8E1800F432B2DBB5CCE2 /* Pods-FileBox.release.xcconfig */;
			buildSettings = {
				ASSETCATALOG_COMPILER_APPICON_NAME = AppIcon;
				ASSETCATALOG_COMPILER_LAUNCHIMAGE_NAME = LaunchImage;
				CODE_SIGN_IDENTITY = "iPhone Developer";
				"CODE_SIGN_IDENTITY[sdk=iphoneos*]" = "iPhone Developer";
				CONFIGURATION_BUILD_DIR = "$(BUILD_DIR)/$(CONFIGURATION)$(EFFECTIVE_PLATFORM_NAME)";
				ENABLE_BITCODE = NO;
				FRAMEWORK_SEARCH_PATHS = "";
				GCC_PRECOMPILE_PREFIX_HEADER = YES;
				GCC_PREFIX_HEADER = "FileBox/FileBox-Prefix.pch";
				HEADER_SEARCH_PATHS = (
					"$(inherited)",
					"\"${PODS_ROOT}/Headers/Public\"",
					"\"${PODS_ROOT}/Headers/Public/ASIKit\"",
					"\"${PODS_ROOT}/Headers/Public/Masonry\"",
					"\"${PODS_ROOT}/Headers/Public/NSLogger\"",
					"\"${PODS_ROOT}/Headers/Public/SDWebImage\"",
					"\"${PODS_ROOT}/Headers/Public/XLFBaseHttpRequestKit\"",
					"\"${PODS_ROOT}/Headers/Public/XLFBaseModelKit\"",
					"\"${PODS_ROOT}/Headers/Public/XLFBaseViewControllerKit\"",
					"\"${PODS_ROOT}/Headers/Public/XLFCommonKit\"",
					"\"${PODS_ROOT}/Headers/Public/XLFKeyboardManagerKit\"",
					"\"${PODS_ROOT}/Headers/Public/XLFPinInputViewControllerKit\"",
					"$(PROJECT_DIR)/FileBox/Vender/FFmpeg/include",
				);
				INFOPLIST_FILE = FileBox/Info.plist;
				IPHONEOS_DEPLOYMENT_TARGET = 7.0;
				LD_RUNPATH_SEARCH_PATHS = "$(inherited) @executable_path/Frameworks";
				LIBRARY_SEARCH_PATHS = "$(PROJECT_DIR)/FileBox/Vender/FFmpeg/lib";
				OTHER_LDFLAGS = (
					"-ObjC",
					"-licucore",
				);
				PRODUCT_BUNDLE_IDENTIFIER = "com.marikejave.$(PRODUCT_NAME:rfc1034identifier)";
				PRODUCT_NAME = FileBox;
				PROVISIONING_PROFILE = "";
				TARGETED_DEVICE_FAMILY = 1;
				WARNING_CFLAGS = "-Wno-arc-performSelector-leaks";
			};
			name = Release;
		};
/* End XCBuildConfiguration section */

/* Begin XCConfigurationList section */
		333260A81A81FF5A0050B267 /* Build configuration list for PBXProject "FileBox" */ = {
			isa = XCConfigurationList;
			buildConfigurations = (
				333260CE1A81FF5A0050B267 /* Debug */,
				333260CF1A81FF5A0050B267 /* Release */,
			);
			defaultConfigurationIsVisible = 0;
			defaultConfigurationName = Release;
		};
		333260D01A81FF5A0050B267 /* Build configuration list for PBXNativeTarget "FileBox" */ = {
			isa = XCConfigurationList;
			buildConfigurations = (
				333260D11A81FF5A0050B267 /* Debug */,
				333260D21A81FF5A0050B267 /* Release */,
			);
			defaultConfigurationIsVisible = 0;
			defaultConfigurationName = Release;
		};
/* End XCConfigurationList section */
	};
	rootObject = 333260A51A81FF5A0050B267 /* Project object */;
}
